{
  "version": 4,
  "terraform_version": "1.1.5",
  "serial": 2271,
  "lineage": "e907f226-d647-8206-3d07-d7bdebe244ba",
  "outputs": {
    "cf_result_domain_name": {
      "value": "d1z9hjbnxdr9p6.cloudfront.net",
      "type": "string"
    },
    "cf_vote_domain_name": {
      "value": "d2fvahvnweaq6d.cloudfront.net",
      "type": "string"
    },
    "sns_arn_erjan": {
      "value": "arn:aws:sns:us-east-2:025416187662:erjan_sns",
      "type": "string"
    }
  },
  "resources": [
    {
      "mode": "data",
      "type": "archive_file",
      "name": "result_zip_code",
      "provider": "provider[\"registry.terraform.io/hashicorp/archive\"]",
      "instances": [
        {
          "schema_version": 0,
          "attributes": {
            "excludes": null,
            "id": "92d686294f19074fc27181f1ea4aa54a5684c272",
            "output_base64sha256": "DyyMju34Oa9eDm24AEs8Jkyo1PFbHA5SDIkqvcBCvZM=",
            "output_file_mode": null,
            "output_md5": "90cfb446adba107e5abc464049e4c7a6",
            "output_path": "./result.zip",
            "output_sha": "92d686294f19074fc27181f1ea4aa54a5684c272",
            "output_size": 449,
            "source": [],
            "source_content": null,
            "source_content_filename": null,
            "source_dir": null,
            "source_file": "./result.py",
            "type": "zip"
          },
          "sensitive_attributes": []
        }
      ]
    },
    {
      "mode": "data",
      "type": "archive_file",
      "name": "vote_processor_zip_code",
      "provider": "provider[\"registry.terraform.io/hashicorp/archive\"]",
      "instances": [
        {
          "schema_version": 0,
          "attributes": {
            "excludes": null,
            "id": "4b0fcfbb2735d524c3544a195c75aa056fe7cde8",
            "output_base64sha256": "vTuWrqwHyDoDdpb0EXhiCNH/563/S08DxXHX5AtAKh4=",
            "output_file_mode": null,
            "output_md5": "dee4e26a787aefe3fcfb5d20be57f87b",
            "output_path": "./vote_processor.zip",
            "output_sha": "4b0fcfbb2735d524c3544a195c75aa056fe7cde8",
            "output_size": 874,
            "source": [],
            "source_content": null,
            "source_content_filename": null,
            "source_dir": null,
            "source_file": "./vote_processor.py",
            "type": "zip"
          },
          "sensitive_attributes": []
        }
      ]
    },
    {
      "mode": "data",
      "type": "archive_file",
      "name": "zip_the_python_code",
      "provider": "provider[\"registry.terraform.io/hashicorp/archive\"]",
      "instances": [
        {
          "schema_version": 0,
          "attributes": {
            "excludes": null,
            "id": "4a17f33d563025e9cb44cef7174e375e5eb109ee",
            "output_base64sha256": "3asuZtgF1JneI386JVrqWATHG2xZ7Rx8PuCnKmZyu6k=",
            "output_file_mode": null,
            "output_md5": "bb1506646b4ea14995ddbb7b6b76b550",
            "output_path": "./voting.zip",
            "output_sha": "4a17f33d563025e9cb44cef7174e375e5eb109ee",
            "output_size": 692,
            "source": [],
            "source_content": null,
            "source_content_filename": null,
            "source_dir": null,
            "source_file": "./voting.py",
            "type": "zip"
          },
          "sensitive_attributes": []
        }
      ]
    },
    {
      "mode": "data",
      "type": "aws_iam_policy_document",
      "name": "frontend_result_s3_bucket_policy",
      "provider": "provider[\"registry.terraform.io/hashicorp/aws\"]",
      "instances": [
        {
          "schema_version": 0,
          "attributes": {
            "id": "447109633",
            "json": "{\n  \"Version\": \"2012-10-17\",\n  \"Statement\": [\n    {\n      \"Sid\": \"PublicReadGetObject\",\n      \"Effect\": \"Allow\",\n      \"Action\": \"s3:GetObject\",\n      \"Resource\": \"arn:aws:s3:::frontend-bucket-erjan-result-us-east-2/*\",\n      \"Principal\": \"*\"\n    },\n    {\n      \"Sid\": \"\",\n      \"Effect\": \"Allow\",\n      \"Action\": \"s3:GetObject\",\n      \"Resource\": \"arn:aws:s3:::frontend-bucket-erjan-result-us-east-2/*\",\n      \"Principal\": {\n        \"AWS\": \"arn:aws:iam::cloudfront:user/CloudFront Origin Access Identity E7UOINKJSSVUD\"\n      }\n    }\n  ]\n}",
            "override_json": null,
            "override_policy_documents": null,
            "policy_id": null,
            "source_json": null,
            "source_policy_documents": null,
            "statement": [
              {
                "actions": [
                  "s3:GetObject"
                ],
                "condition": [],
                "effect": "Allow",
                "not_actions": [],
                "not_principals": [],
                "not_resources": [],
                "principals": [
                  {
                    "identifiers": [
                      "*"
                    ],
                    "type": "*"
                  }
                ],
                "resources": [
                  "arn:aws:s3:::frontend-bucket-erjan-result-us-east-2/*"
                ],
                "sid": "PublicReadGetObject"
              },
              {
                "actions": [
                  "s3:GetObject"
                ],
                "condition": [],
                "effect": "Allow",
                "not_actions": [],
                "not_principals": [],
                "not_resources": [],
                "principals": [
                  {
                    "identifiers": [
                      "arn:aws:iam::cloudfront:user/CloudFront Origin Access Identity E7UOINKJSSVUD"
                    ],
                    "type": "AWS"
                  }
                ],
                "resources": [
                  "arn:aws:s3:::frontend-bucket-erjan-result-us-east-2/*"
                ],
                "sid": ""
              }
            ],
            "version": "2012-10-17"
          },
          "sensitive_attributes": []
        }
      ]
    },
    {
      "mode": "data",
      "type": "aws_iam_policy_document",
      "name": "frontend_vote_s3_bucket_policy",
      "provider": "provider[\"registry.terraform.io/hashicorp/aws\"]",
      "instances": [
        {
          "schema_version": 0,
          "attributes": {
            "id": "3473854759",
            "json": "{\n  \"Version\": \"2012-10-17\",\n  \"Statement\": [\n    {\n      \"Sid\": \"PublicReadGetObject\",\n      \"Effect\": \"Allow\",\n      \"Action\": \"s3:GetObject\",\n      \"Resource\": \"arn:aws:s3:::frontend-bucket-erjan-vote-us-east-2/*\",\n      \"Principal\": \"*\"\n    },\n    {\n      \"Sid\": \"\",\n      \"Effect\": \"Allow\",\n      \"Action\": \"s3:GetObject\",\n      \"Resource\": \"arn:aws:s3:::frontend-bucket-erjan-vote-us-east-2/*\",\n      \"Principal\": {\n        \"AWS\": \"arn:aws:iam::cloudfront:user/CloudFront Origin Access Identity E1G13U4YY1D7EH\"\n      }\n    }\n  ]\n}",
            "override_json": null,
            "override_policy_documents": null,
            "policy_id": null,
            "source_json": null,
            "source_policy_documents": null,
            "statement": [
              {
                "actions": [
                  "s3:GetObject"
                ],
                "condition": [],
                "effect": "Allow",
                "not_actions": [],
                "not_principals": [],
                "not_resources": [],
                "principals": [
                  {
                    "identifiers": [
                      "*"
                    ],
                    "type": "*"
                  }
                ],
                "resources": [
                  "arn:aws:s3:::frontend-bucket-erjan-vote-us-east-2/*"
                ],
                "sid": "PublicReadGetObject"
              },
              {
                "actions": [
                  "s3:GetObject"
                ],
                "condition": [],
                "effect": "Allow",
                "not_actions": [],
                "not_principals": [],
                "not_resources": [],
                "principals": [
                  {
                    "identifiers": [
                      "arn:aws:iam::cloudfront:user/CloudFront Origin Access Identity E1G13U4YY1D7EH"
                    ],
                    "type": "AWS"
                  }
                ],
                "resources": [
                  "arn:aws:s3:::frontend-bucket-erjan-vote-us-east-2/*"
                ],
                "sid": ""
              }
            ],
            "version": "2012-10-17"
          },
          "sensitive_attributes": []
        }
      ]
    },
    {
      "mode": "data",
      "type": "aws_iam_policy_document",
      "name": "sqs_vote_policy",
      "provider": "provider[\"registry.terraform.io/hashicorp/aws\"]",
      "instances": [
        {
          "schema_version": 0,
          "attributes": {
            "id": "1230460980",
            "json": "{\n  \"Version\": \"2012-10-17\",\n  \"Statement\": [\n    {\n      \"Sid\": \"__owner_statement\",\n      \"Effect\": \"Allow\",\n      \"Action\": \"SQS:*\",\n      \"Resource\": \"arn:aws:sqs:us-east-2:025416187662:erjan_sqs\",\n      \"Principal\": {\n        \"AWS\": \"arn:aws:iam::025416187662:root\"\n      }\n    },\n    {\n      \"Sid\": \"__consb_0\",\n      \"Effect\": \"Allow\",\n      \"Action\": \"SQS:SendMessage\",\n      \"Resource\": \"arn:aws:sqs:us-east-2:025416187662:erjan_sqs\",\n      \"Principal\": {\n        \"AWS\": \"*\"\n      },\n      \"Condition\": {\n        \"ArnLike\": {\n          \"aws:SourceArn\": \"arn:aws:sns:us-east-2:025416187662:erjan_sns\"\n        }\n      }\n    }\n  ]\n}",
            "override_json": null,
            "override_policy_documents": null,
            "policy_id": null,
            "source_json": null,
            "source_policy_documents": null,
            "statement": [
              {
                "actions": [
                  "SQS:*"
                ],
                "condition": [],
                "effect": "Allow",
                "not_actions": [],
                "not_principals": [],
                "not_resources": [],
                "principals": [
                  {
                    "identifiers": [
                      "arn:aws:iam::025416187662:root"
                    ],
                    "type": "AWS"
                  }
                ],
                "resources": [
                  "arn:aws:sqs:us-east-2:025416187662:erjan_sqs"
                ],
                "sid": "__owner_statement"
              },
              {
                "actions": [
                  "SQS:SendMessage"
                ],
                "condition": [
                  {
                    "test": "ArnLike",
                    "values": [
                      "arn:aws:sns:us-east-2:025416187662:erjan_sns"
                    ],
                    "variable": "aws:SourceArn"
                  }
                ],
                "effect": "Allow",
                "not_actions": [],
                "not_principals": [],
                "not_resources": [],
                "principals": [
                  {
                    "identifiers": [
                      "*"
                    ],
                    "type": "AWS"
                  }
                ],
                "resources": [
                  "arn:aws:sqs:us-east-2:025416187662:erjan_sqs"
                ],
                "sid": "__consb_0"
              }
            ],
            "version": "2012-10-17"
          },
          "sensitive_attributes": []
        }
      ]
    },
    {
      "mode": "data",
      "type": "aws_iam_policy_document",
      "name": "vote_lambda_policy_send_to_sns",
      "provider": "provider[\"registry.terraform.io/hashicorp/aws\"]",
      "instances": [
        {
          "schema_version": 0,
          "attributes": {
            "id": "2348792300",
            "json": "{\n  \"Version\": \"2012-10-17\",\n  \"Statement\": [\n    {\n      \"Sid\": \"\",\n      \"Effect\": \"Allow\",\n      \"Action\": \"sns:Publish\",\n      \"Resource\": \"arn:aws:sns:us-east-2:025416187662:erjan_sns\"\n    }\n  ]\n}",
            "override_json": null,
            "override_policy_documents": null,
            "policy_id": null,
            "source_json": null,
            "source_policy_documents": null,
            "statement": [
              {
                "actions": [
                  "sns:Publish"
                ],
                "condition": [],
                "effect": "Allow",
                "not_actions": [],
                "not_principals": [],
                "not_resources": [],
                "principals": [],
                "resources": [
                  "arn:aws:sns:us-east-2:025416187662:erjan_sns"
                ],
                "sid": ""
              }
            ],
            "version": "2012-10-17"
          },
          "sensitive_attributes": []
        }
      ]
    },
    {
      "mode": "data",
      "type": "aws_iam_policy_document",
      "name": "vote_sns_access_policy",
      "provider": "provider[\"registry.terraform.io/hashicorp/aws\"]",
      "instances": [
        {
          "schema_version": 0,
          "attributes": {
            "id": "199856727",
            "json": "{\n  \"Version\": \"2012-10-17\",\n  \"Id\": \"__default_policy_ID\",\n  \"Statement\": [\n    {\n      \"Sid\": \"__default_statement_ID\",\n      \"Effect\": \"Allow\",\n      \"Action\": [\n        \"SNS:Subscribe\",\n        \"SNS:SetTopicAttributes\",\n        \"SNS:RemovePermission\",\n        \"SNS:Publish\",\n        \"SNS:ListSubscriptionsByTopic\",\n        \"SNS:GetTopicAttributes\",\n        \"SNS:DeleteTopic\",\n        \"SNS:AddPermission\"\n      ],\n      \"Resource\": \"arn:aws:sns:us-east-2:025416187662:erjan_sns\",\n      \"Principal\": {\n        \"AWS\": \"*\"\n      },\n      \"Condition\": {\n        \"StringEquals\": {\n          \"AWS:SourceOwner\": \"025416187662\"\n        }\n      }\n    },\n    {\n      \"Sid\": \"__console_pub_0\",\n      \"Effect\": \"Allow\",\n      \"Action\": \"SNS:Publish\",\n      \"Resource\": \"arn:aws:sns:us-east-2:025416187662:erjan_sns\",\n      \"Principal\": {\n        \"AWS\": \"*\"\n      }\n    },\n    {\n      \"Sid\": \"__console_sub_0\",\n      \"Effect\": \"Allow\",\n      \"Action\": \"SNS:Subscribe\",\n      \"Resource\": \"arn:aws:sns:us-east-2:025416187662:erjan_sns\",\n      \"Principal\": {\n        \"AWS\": \"*\"\n      }\n    }\n  ]\n}",
            "override_json": null,
            "override_policy_documents": null,
            "policy_id": "__default_policy_ID",
            "source_json": null,
            "source_policy_documents": null,
            "statement": [
              {
                "actions": [
                  "SNS:AddPermission",
                  "SNS:DeleteTopic",
                  "SNS:GetTopicAttributes",
                  "SNS:ListSubscriptionsByTopic",
                  "SNS:Publish",
                  "SNS:RemovePermission",
                  "SNS:SetTopicAttributes",
                  "SNS:Subscribe"
                ],
                "condition": [
                  {
                    "test": "StringEquals",
                    "values": [
                      "025416187662"
                    ],
                    "variable": "AWS:SourceOwner"
                  }
                ],
                "effect": "Allow",
                "not_actions": [],
                "not_principals": [],
                "not_resources": [],
                "principals": [
                  {
                    "identifiers": [
                      "*"
                    ],
                    "type": "AWS"
                  }
                ],
                "resources": [
                  "arn:aws:sns:us-east-2:025416187662:erjan_sns"
                ],
                "sid": "__default_statement_ID"
              },
              {
                "actions": [
                  "SNS:Publish"
                ],
                "condition": [],
                "effect": "Allow",
                "not_actions": [],
                "not_principals": [],
                "not_resources": [],
                "principals": [
                  {
                    "identifiers": [
                      "*"
                    ],
                    "type": "AWS"
                  }
                ],
                "resources": [
                  "arn:aws:sns:us-east-2:025416187662:erjan_sns"
                ],
                "sid": "__console_pub_0"
              },
              {
                "actions": [
                  "SNS:Subscribe"
                ],
                "condition": [],
                "effect": "Allow",
                "not_actions": [],
                "not_principals": [],
                "not_resources": [],
                "principals": [
                  {
                    "identifiers": [
                      "*"
                    ],
                    "type": "AWS"
                  }
                ],
                "resources": [
                  "arn:aws:sns:us-east-2:025416187662:erjan_sns"
                ],
                "sid": "__console_sub_0"
              }
            ],
            "version": "2012-10-17"
          },
          "sensitive_attributes": []
        }
      ]
    },
    {
      "mode": "managed",
      "type": "aws_apigatewayv2_api",
      "name": "main_apigateway",
      "provider": "provider[\"registry.terraform.io/hashicorp/aws\"]",
      "instances": [
        {
          "schema_version": 0,
          "attributes": {
            "api_endpoint": "https://uebrw2szug.execute-api.us-east-2.amazonaws.com",
            "api_key_selection_expression": "$request.header.x-api-key",
            "arn": "arn:aws:apigateway:us-east-2::/apis/uebrw2szug",
            "body": null,
            "cors_configuration": [
              {
                "allow_credentials": false,
                "allow_headers": [
                  "accept",
                  "content-type"
                ],
                "allow_methods": [
                  "GET",
                  "OPTIONS",
                  "POST"
                ],
                "allow_origins": [
                  "https://d1z9hjbnxdr9p6.cloudfront.net",
                  "https://d2fvahvnweaq6d.cloudfront.net"
                ],
                "expose_headers": [],
                "max_age": 0
              }
            ],
            "credentials_arn": null,
            "description": "",
            "disable_execute_api_endpoint": false,
            "execution_arn": "arn:aws:execute-api:us-east-2:025416187662:uebrw2szug",
            "fail_on_warnings": null,
            "id": "uebrw2szug",
            "name": "apigateway-vote",
            "protocol_type": "HTTP",
            "route_key": null,
            "route_selection_expression": "$request.method $request.path",
            "tags": {},
            "tags_all": {},
            "target": null,
            "version": ""
          },
          "sensitive_attributes": [],
          "private": "bnVsbA==",
          "dependencies": [
            "aws_cloudfront_distribution.cloudfront_result",
            "aws_cloudfront_distribution.cloudfront_vote",
            "aws_cloudfront_origin_access_identity.frontend_result_cloudfront_oai",
            "aws_cloudfront_origin_access_identity.frontend_vote_cloudfront_oai",
            "aws_s3_bucket.frontend_result",
            "aws_s3_bucket.frontend_vote"
          ]
        }
      ]
    },
    {
      "mode": "managed",
      "type": "aws_apigatewayv2_integration",
      "name": "result_integration",
      "provider": "provider[\"registry.terraform.io/hashicorp/aws\"]",
      "instances": [
        {
          "schema_version": 0,
          "attributes": {
            "api_id": "uebrw2szug",
            "connection_id": "",
            "connection_type": "INTERNET",
            "content_handling_strategy": "",
            "credentials_arn": "",
            "description": "",
            "id": "xmnwys8",
            "integration_method": "POST",
            "integration_response_selection_expression": "",
            "integration_subtype": "",
            "integration_type": "AWS_PROXY",
            "integration_uri": "arn:aws:lambda:us-east-2:025416187662:function:results",
            "passthrough_behavior": "",
            "payload_format_version": "2.0",
            "request_parameters": {},
            "request_templates": {},
            "response_parameters": [],
            "template_selection_expression": "",
            "timeout_milliseconds": 30000,
            "tls_config": []
          },
          "sensitive_attributes": [],
          "private": "bnVsbA==",
          "dependencies": [
            "aws_apigatewayv2_api.main_apigateway",
            "aws_cloudfront_distribution.cloudfront_result",
            "aws_cloudfront_distribution.cloudfront_vote",
            "aws_cloudfront_origin_access_identity.frontend_result_cloudfront_oai",
            "aws_cloudfront_origin_access_identity.frontend_vote_cloudfront_oai",
            "aws_iam_role.result_lambda_iam_role",
            "aws_lambda_function.result_lambda_backend",
            "aws_s3_bucket.frontend_result",
            "aws_s3_bucket.frontend_vote"
          ]
        }
      ]
    },
    {
      "mode": "managed",
      "type": "aws_apigatewayv2_integration",
      "name": "vote_integration",
      "provider": "provider[\"registry.terraform.io/hashicorp/aws\"]",
      "instances": [
        {
          "schema_version": 0,
          "attributes": {
            "api_id": "uebrw2szug",
            "connection_id": "",
            "connection_type": "INTERNET",
            "content_handling_strategy": "",
            "credentials_arn": "",
            "description": "",
            "id": "hnbp25o",
            "integration_method": "POST",
            "integration_response_selection_expression": "",
            "integration_subtype": "",
            "integration_type": "AWS_PROXY",
            "integration_uri": "arn:aws:lambda:us-east-2:025416187662:function:voting",
            "passthrough_behavior": "",
            "payload_format_version": "2.0",
            "request_parameters": {},
            "request_templates": {},
            "response_parameters": [],
            "template_selection_expression": "",
            "timeout_milliseconds": 30000,
            "tls_config": []
          },
          "sensitive_attributes": [],
          "private": "bnVsbA==",
          "dependencies": [
            "aws_apigatewayv2_api.main_apigateway",
            "aws_cloudfront_distribution.cloudfront_result",
            "aws_cloudfront_distribution.cloudfront_vote",
            "aws_cloudfront_origin_access_identity.frontend_result_cloudfront_oai",
            "aws_cloudfront_origin_access_identity.frontend_vote_cloudfront_oai",
            "aws_iam_policy.vote_lambda_policy_send_to_sns",
            "aws_iam_role.vote_lambda_iam_role",
            "aws_iam_role_policy_attachment.attach_sns_send_to_iam_role",
            "aws_lambda_function.vote_lambda_backend",
            "aws_s3_bucket.frontend_result",
            "aws_s3_bucket.frontend_vote",
            "aws_sns_topic.vote_sns",
            "data.aws_iam_policy_document.vote_lambda_policy_send_to_sns"
          ]
        }
      ]
    },
    {
      "mode": "managed",
      "type": "aws_apigatewayv2_route",
      "name": "result_route",
      "provider": "provider[\"registry.terraform.io/hashicorp/aws\"]",
      "instances": [
        {
          "schema_version": 0,
          "attributes": {
            "api_id": "uebrw2szug",
            "api_key_required": false,
            "authorization_scopes": [],
            "authorization_type": "NONE",
            "authorizer_id": "",
            "id": "r1sp15t",
            "model_selection_expression": "",
            "operation_name": "",
            "request_models": {},
            "request_parameter": [],
            "route_key": "GET /results",
            "route_response_selection_expression": "",
            "target": "integrations/xmnwys8"
          },
          "sensitive_attributes": [],
          "private": "bnVsbA==",
          "dependencies": [
            "aws_apigatewayv2_api.main_apigateway",
            "aws_apigatewayv2_integration.result_integration",
            "aws_cloudfront_distribution.cloudfront_result",
            "aws_cloudfront_distribution.cloudfront_vote",
            "aws_cloudfront_origin_access_identity.frontend_result_cloudfront_oai",
            "aws_cloudfront_origin_access_identity.frontend_vote_cloudfront_oai",
            "aws_iam_role.result_lambda_iam_role",
            "aws_lambda_function.result_lambda_backend",
            "aws_s3_bucket.frontend_result",
            "aws_s3_bucket.frontend_vote"
          ]
        }
      ]
    },
    {
      "mode": "managed",
      "type": "aws_apigatewayv2_route",
      "name": "vote_route",
      "provider": "provider[\"registry.terraform.io/hashicorp/aws\"]",
      "instances": [
        {
          "schema_version": 0,
          "attributes": {
            "api_id": "uebrw2szug",
            "api_key_required": false,
            "authorization_scopes": [],
            "authorization_type": "NONE",
            "authorizer_id": "",
            "id": "plbemjt",
            "model_selection_expression": "",
            "operation_name": "",
            "request_models": {},
            "request_parameter": [],
            "route_key": "POST /voting",
            "route_response_selection_expression": "",
            "target": "integrations/hnbp25o"
          },
          "sensitive_attributes": [],
          "private": "bnVsbA==",
          "dependencies": [
            "aws_apigatewayv2_api.main_apigateway",
            "aws_apigatewayv2_integration.vote_integration",
            "aws_cloudfront_distribution.cloudfront_result",
            "aws_cloudfront_distribution.cloudfront_vote",
            "aws_cloudfront_origin_access_identity.frontend_result_cloudfront_oai",
            "aws_cloudfront_origin_access_identity.frontend_vote_cloudfront_oai",
            "aws_iam_policy.vote_lambda_policy_send_to_sns",
            "aws_iam_role.vote_lambda_iam_role",
            "aws_iam_role_policy_attachment.attach_sns_send_to_iam_role",
            "aws_lambda_function.vote_lambda_backend",
            "aws_s3_bucket.frontend_result",
            "aws_s3_bucket.frontend_vote",
            "aws_sns_topic.vote_sns",
            "data.aws_iam_policy_document.vote_lambda_policy_send_to_sns"
          ]
        }
      ]
    },
    {
      "mode": "managed",
      "type": "aws_apigatewayv2_stage",
      "name": "default",
      "provider": "provider[\"registry.terraform.io/hashicorp/aws\"]",
      "instances": [
        {
          "schema_version": 0,
          "attributes": {
            "access_log_settings": [],
            "api_id": "uebrw2szug",
            "arn": "arn:aws:apigateway:us-east-2::/apis/uebrw2szug/stages/$default",
            "auto_deploy": true,
            "client_certificate_id": "",
            "default_route_settings": [
              {
                "data_trace_enabled": false,
                "detailed_metrics_enabled": false,
                "logging_level": "",
                "throttling_burst_limit": 0,
                "throttling_rate_limit": 0
              }
            ],
            "deployment_id": "5dgjto",
            "description": "",
            "execution_arn": "arn:aws:execute-api:us-east-2:025416187662:uebrw2szug/$default",
            "id": "$default",
            "invoke_url": "https://uebrw2szug.execute-api.us-east-2.amazonaws.com/",
            "name": "$default",
            "route_settings": [],
            "stage_variables": {},
            "tags": {},
            "tags_all": {}
          },
          "sensitive_attributes": [],
          "private": "bnVsbA==",
          "dependencies": [
            "aws_apigatewayv2_api.main_apigateway",
            "aws_cloudfront_distribution.cloudfront_result",
            "aws_cloudfront_distribution.cloudfront_vote",
            "aws_cloudfront_origin_access_identity.frontend_result_cloudfront_oai",
            "aws_cloudfront_origin_access_identity.frontend_vote_cloudfront_oai",
            "aws_s3_bucket.frontend_result",
            "aws_s3_bucket.frontend_vote"
          ]
        }
      ]
    },
    {
      "mode": "managed",
      "type": "aws_cloudfront_cache_policy",
      "name": "cloudfront_result_cache_policy",
      "provider": "provider[\"registry.terraform.io/hashicorp/aws\"]",
      "instances": [
        {
          "schema_version": 0,
          "attributes": {
            "comment": "",
            "default_ttl": 86400,
            "etag": "E23ZP02F085DFQ",
            "id": "2a69cbef-2c0a-4533-82ab-00d561784302",
            "max_ttl": 31536000,
            "min_ttl": 1,
            "name": "cloudfront_result_cache_policy",
            "parameters_in_cache_key_and_forwarded_to_origin": [
              {
                "cookies_config": [
                  {
                    "cookie_behavior": "none",
                    "cookies": []
                  }
                ],
                "enable_accept_encoding_brotli": true,
                "enable_accept_encoding_gzip": true,
                "headers_config": [
                  {
                    "header_behavior": "whitelist",
                    "headers": [
                      {
                        "items": [
                          "access-control-request-headers",
                          "access-control-request-method",
                          "origin"
                        ]
                      }
                    ]
                  }
                ],
                "query_strings_config": [
                  {
                    "query_string_behavior": "none",
                    "query_strings": []
                  }
                ]
              }
            ]
          },
          "sensitive_attributes": [],
          "private": "bnVsbA==",
          "dependencies": [
            "aws_cloudfront_distribution.cloudfront_result",
            "aws_cloudfront_origin_access_identity.frontend_result_cloudfront_oai",
            "aws_s3_bucket.frontend_result"
          ]
        }
      ]
    },
    {
      "mode": "managed",
      "type": "aws_cloudfront_cache_policy",
      "name": "cloudfront_vote_cache_policy",
      "provider": "provider[\"registry.terraform.io/hashicorp/aws\"]",
      "instances": [
        {
          "schema_version": 0,
          "attributes": {
            "comment": "",
            "default_ttl": 86400,
            "etag": "E23ZP02F085DFQ",
            "id": "6cc84bd8-726b-4f95-a389-79682a45d998",
            "max_ttl": 31536000,
            "min_ttl": 1,
            "name": "cloudfront_vote_cache_policy",
            "parameters_in_cache_key_and_forwarded_to_origin": [
              {
                "cookies_config": [
                  {
                    "cookie_behavior": "none",
                    "cookies": []
                  }
                ],
                "enable_accept_encoding_brotli": true,
                "enable_accept_encoding_gzip": true,
                "headers_config": [
                  {
                    "header_behavior": "whitelist",
                    "headers": [
                      {
                        "items": [
                          "access-control-request-headers",
                          "access-control-request-method",
                          "origin"
                        ]
                      }
                    ]
                  }
                ],
                "query_strings_config": [
                  {
                    "query_string_behavior": "none",
                    "query_strings": []
                  }
                ]
              }
            ]
          },
          "sensitive_attributes": [],
          "private": "bnVsbA==",
          "dependencies": [
            "aws_cloudfront_distribution.cloudfront_vote",
            "aws_cloudfront_origin_access_identity.frontend_vote_cloudfront_oai",
            "aws_s3_bucket.frontend_vote"
          ]
        }
      ]
    },
    {
      "mode": "managed",
      "type": "aws_cloudfront_distribution",
      "name": "cloudfront_result",
      "provider": "provider[\"registry.terraform.io/hashicorp/aws\"]",
      "instances": [
        {
          "schema_version": 1,
          "attributes": {
            "aliases": [],
            "arn": "arn:aws:cloudfront::025416187662:distribution/EFKYHJ59GDSP6",
            "caller_reference": "terraform-20230201095112115300000007",
            "comment": "RESULT",
            "custom_error_response": [],
            "default_cache_behavior": [
              {
                "allowed_methods": [
                  "GET",
                  "HEAD",
                  "OPTIONS"
                ],
                "cache_policy_id": "",
                "cached_methods": [
                  "GET",
                  "HEAD",
                  "OPTIONS"
                ],
                "compress": false,
                "default_ttl": 0,
                "field_level_encryption_id": "",
                "forwarded_values": [
                  {
                    "cookies": [
                      {
                        "forward": "none",
                        "whitelisted_names": []
                      }
                    ],
                    "headers": [],
                    "query_string": false,
                    "query_string_cache_keys": []
                  }
                ],
                "function_association": [],
                "lambda_function_association": [],
                "max_ttl": 0,
                "min_ttl": 0,
                "origin_request_policy_id": "",
                "realtime_log_config_arn": "",
                "response_headers_policy_id": "",
                "smooth_streaming": false,
                "target_origin_id": "frontend-bucket-erjan-result-us-east-2",
                "trusted_key_groups": [],
                "trusted_signers": [],
                "viewer_protocol_policy": "allow-all"
              }
            ],
            "default_root_object": "index.html",
            "domain_name": "d1z9hjbnxdr9p6.cloudfront.net",
            "enabled": true,
            "etag": "E28GVJPZC82UCW",
            "hosted_zone_id": "Z2FDTNDATAQYW2",
            "http_version": "http2",
            "id": "EFKYHJ59GDSP6",
            "in_progress_validation_batches": 0,
            "is_ipv6_enabled": false,
            "last_modified_time": "2023-02-01 10:06:14.336 +0000 UTC",
            "logging_config": [],
            "ordered_cache_behavior": [],
            "origin": [
              {
                "connection_attempts": 3,
                "connection_timeout": 10,
                "custom_header": [],
                "custom_origin_config": [],
                "domain_name": "frontend-bucket-erjan-result-us-east-2.s3.us-east-2.amazonaws.com",
                "origin_access_control_id": "",
                "origin_id": "frontend-bucket-erjan-result-us-east-2",
                "origin_path": "",
                "origin_shield": [],
                "s3_origin_config": [
                  {
                    "origin_access_identity": "origin-access-identity/cloudfront/E7UOINKJSSVUD"
                  }
                ]
              }
            ],
            "origin_group": [],
            "price_class": "PriceClass_All",
            "restrictions": [
              {
                "geo_restriction": [
                  {
                    "locations": [],
                    "restriction_type": "none"
                  }
                ]
              }
            ],
            "retain_on_delete": false,
            "status": "Deployed",
            "tags": {},
            "tags_all": {},
            "trusted_key_groups": [
              {
                "enabled": false,
                "items": []
              }
            ],
            "trusted_signers": [
              {
                "enabled": false,
                "items": []
              }
            ],
            "viewer_certificate": [
              {
                "acm_certificate_arn": "",
                "cloudfront_default_certificate": true,
                "iam_certificate_id": "",
                "minimum_protocol_version": "TLSv1",
                "ssl_support_method": ""
              }
            ],
            "wait_for_deployment": true,
            "web_acl_id": ""
          },
          "sensitive_attributes": [],
          "private": "eyJzY2hlbWFfdmVyc2lvbiI6IjEifQ==",
          "dependencies": [
            "aws_cloudfront_origin_access_identity.frontend_result_cloudfront_oai",
            "aws_s3_bucket.frontend_result"
          ]
        }
      ]
    },
    {
      "mode": "managed",
      "type": "aws_cloudfront_distribution",
      "name": "cloudfront_vote",
      "provider": "provider[\"registry.terraform.io/hashicorp/aws\"]",
      "instances": [
        {
          "schema_version": 1,
          "attributes": {
            "aliases": [],
            "arn": "arn:aws:cloudfront::025416187662:distribution/E23XBLP1G120ZF",
            "caller_reference": "terraform-20230201095113949500000008",
            "comment": "VOTE",
            "custom_error_response": [],
            "default_cache_behavior": [
              {
                "allowed_methods": [
                  "GET",
                  "HEAD",
                  "OPTIONS"
                ],
                "cache_policy_id": "",
                "cached_methods": [
                  "GET",
                  "HEAD",
                  "OPTIONS"
                ],
                "compress": false,
                "default_ttl": 0,
                "field_level_encryption_id": "",
                "forwarded_values": [
                  {
                    "cookies": [
                      {
                        "forward": "none",
                        "whitelisted_names": []
                      }
                    ],
                    "headers": [],
                    "query_string": false,
                    "query_string_cache_keys": []
                  }
                ],
                "function_association": [],
                "lambda_function_association": [],
                "max_ttl": 0,
                "min_ttl": 0,
                "origin_request_policy_id": "",
                "realtime_log_config_arn": "",
                "response_headers_policy_id": "",
                "smooth_streaming": false,
                "target_origin_id": "frontend-bucket-erjan-vote-us-east-2",
                "trusted_key_groups": [],
                "trusted_signers": [],
                "viewer_protocol_policy": "allow-all"
              }
            ],
            "default_root_object": "index.html",
            "domain_name": "d2fvahvnweaq6d.cloudfront.net",
            "enabled": true,
            "etag": "E1XWW0Y1JBUUP9",
            "hosted_zone_id": "Z2FDTNDATAQYW2",
            "http_version": "http2",
            "id": "E23XBLP1G120ZF",
            "in_progress_validation_batches": 0,
            "is_ipv6_enabled": false,
            "last_modified_time": "2023-02-01 10:06:14.299 +0000 UTC",
            "logging_config": [],
            "ordered_cache_behavior": [],
            "origin": [
              {
                "connection_attempts": 3,
                "connection_timeout": 10,
                "custom_header": [],
                "custom_origin_config": [],
                "domain_name": "frontend-bucket-erjan-vote-us-east-2.s3.us-east-2.amazonaws.com",
                "origin_access_control_id": "",
                "origin_id": "frontend-bucket-erjan-vote-us-east-2",
                "origin_path": "",
                "origin_shield": [],
                "s3_origin_config": [
                  {
                    "origin_access_identity": "origin-access-identity/cloudfront/E1G13U4YY1D7EH"
                  }
                ]
              }
            ],
            "origin_group": [],
            "price_class": "PriceClass_All",
            "restrictions": [
              {
                "geo_restriction": [
                  {
                    "locations": [],
                    "restriction_type": "none"
                  }
                ]
              }
            ],
            "retain_on_delete": false,
            "status": "Deployed",
            "tags": {},
            "tags_all": {},
            "trusted_key_groups": [
              {
                "enabled": false,
                "items": []
              }
            ],
            "trusted_signers": [
              {
                "enabled": false,
                "items": []
              }
            ],
            "viewer_certificate": [
              {
                "acm_certificate_arn": "",
                "cloudfront_default_certificate": true,
                "iam_certificate_id": "",
                "minimum_protocol_version": "TLSv1",
                "ssl_support_method": ""
              }
            ],
            "wait_for_deployment": true,
            "web_acl_id": ""
          },
          "sensitive_attributes": [],
          "private": "eyJzY2hlbWFfdmVyc2lvbiI6IjEifQ==",
          "dependencies": [
            "aws_cloudfront_origin_access_identity.frontend_vote_cloudfront_oai",
            "aws_s3_bucket.frontend_vote"
          ]
        }
      ]
    },
    {
      "mode": "managed",
      "type": "aws_cloudfront_origin_access_identity",
      "name": "frontend_result_cloudfront_oai",
      "provider": "provider[\"registry.terraform.io/hashicorp/aws\"]",
      "instances": [
        {
          "schema_version": 0,
          "attributes": {
            "caller_reference": "terraform-20230201095109690400000005",
            "cloudfront_access_identity_path": "origin-access-identity/cloudfront/E7UOINKJSSVUD",
            "comment": "frontend_result origin",
            "etag": "E3AR8YTFWJU0RG",
            "iam_arn": "arn:aws:iam::cloudfront:user/CloudFront Origin Access Identity E7UOINKJSSVUD",
            "id": "E7UOINKJSSVUD",
            "s3_canonical_user_id": "986869f818a1135d1e5c981e8f9907090f190806d4ad229e5c959ce920bfe22e356517e55823ab9b403536b4772abedc"
          },
          "sensitive_attributes": [],
          "private": "bnVsbA==",
          "dependencies": [
            "aws_s3_bucket.frontend_result"
          ]
        }
      ]
    },
    {
      "mode": "managed",
      "type": "aws_cloudfront_origin_access_identity",
      "name": "frontend_vote_cloudfront_oai",
      "provider": "provider[\"registry.terraform.io/hashicorp/aws\"]",
      "instances": [
        {
          "schema_version": 0,
          "attributes": {
            "caller_reference": "terraform-20230201095111126100000006",
            "cloudfront_access_identity_path": "origin-access-identity/cloudfront/E1G13U4YY1D7EH",
            "comment": "frontend_vote origin",
            "etag": "E24LL5A3QTD0ZW",
            "iam_arn": "arn:aws:iam::cloudfront:user/CloudFront Origin Access Identity E1G13U4YY1D7EH",
            "id": "E1G13U4YY1D7EH",
            "s3_canonical_user_id": "28f740e52c37615e10ae2feab95990feab364b441af4f83869b6114801aa445b28c4bd1e580c65c5c33a826a13d643fd"
          },
          "sensitive_attributes": [],
          "private": "bnVsbA==",
          "dependencies": [
            "aws_s3_bucket.frontend_vote"
          ]
        }
      ]
    },
    {
      "mode": "managed",
      "type": "aws_cloudfront_origin_request_policy",
      "name": "cloudfront_result_origin_request_policy",
      "provider": "provider[\"registry.terraform.io/hashicorp/aws\"]",
      "instances": [
        {
          "schema_version": 0,
          "attributes": {
            "comment": "",
            "cookies_config": [
              {
                "cookie_behavior": "none",
                "cookies": []
              }
            ],
            "etag": "E23ZP02F085DFQ",
            "headers_config": [
              {
                "header_behavior": "none",
                "headers": []
              }
            ],
            "id": "4da892fa-c9b4-4c50-b207-02f0d7ed07a0",
            "name": "cloudfront_result_origin_request_policy",
            "query_strings_config": [
              {
                "query_string_behavior": "none",
                "query_strings": []
              }
            ]
          },
          "sensitive_attributes": [],
          "private": "bnVsbA==",
          "dependencies": [
            "aws_cloudfront_distribution.cloudfront_result",
            "aws_cloudfront_origin_access_identity.frontend_result_cloudfront_oai",
            "aws_s3_bucket.frontend_result"
          ]
        }
      ]
    },
    {
      "mode": "managed",
      "type": "aws_cloudfront_origin_request_policy",
      "name": "cloudfront_vote_origin_request_policy",
      "provider": "provider[\"registry.terraform.io/hashicorp/aws\"]",
      "instances": [
        {
          "schema_version": 0,
          "attributes": {
            "comment": "",
            "cookies_config": [
              {
                "cookie_behavior": "none",
                "cookies": []
              }
            ],
            "etag": "E23ZP02F085DFQ",
            "headers_config": [
              {
                "header_behavior": "none",
                "headers": []
              }
            ],
            "id": "32f825e3-8143-47b6-b3eb-459e1bc482f2",
            "name": "cloudfront_vote_origin_request_policy",
            "query_strings_config": [
              {
                "query_string_behavior": "none",
                "query_strings": []
              }
            ]
          },
          "sensitive_attributes": [],
          "private": "bnVsbA==",
          "dependencies": [
            "aws_cloudfront_distribution.cloudfront_vote",
            "aws_cloudfront_origin_access_identity.frontend_vote_cloudfront_oai",
            "aws_s3_bucket.frontend_vote"
          ]
        }
      ]
    },
    {
      "mode": "managed",
      "type": "aws_cloudfront_response_headers_policy",
      "name": "cloudfront_result_response_headers_policy",
      "provider": "provider[\"registry.terraform.io/hashicorp/aws\"]",
      "instances": [
        {
          "schema_version": 0,
          "attributes": {
            "comment": "",
            "cors_config": [
              {
                "access_control_allow_credentials": false,
                "access_control_allow_headers": [
                  {
                    "items": [
                      "*"
                    ]
                  }
                ],
                "access_control_allow_methods": [
                  {
                    "items": [
                      "DELETE",
                      "GET",
                      "HEAD",
                      "OPTIONS",
                      "PATCH",
                      "POST",
                      "PUT"
                    ]
                  }
                ],
                "access_control_allow_origins": [
                  {
                    "items": [
                      "*"
                    ]
                  }
                ],
                "access_control_expose_headers": [
                  {
                    "items": [
                      "*"
                    ]
                  }
                ],
                "access_control_max_age_sec": 0,
                "origin_override": false
              }
            ],
            "custom_headers_config": [],
            "etag": "E23ZP02F085DFQ",
            "id": "922885a6-5bf4-4abc-9a06-edc615f66bef",
            "name": "cloudfront_result_response_headers_policy",
            "security_headers_config": [],
            "server_timing_headers_config": []
          },
          "sensitive_attributes": [],
          "private": "bnVsbA==",
          "dependencies": [
            "aws_cloudfront_distribution.cloudfront_result",
            "aws_cloudfront_origin_access_identity.frontend_result_cloudfront_oai",
            "aws_s3_bucket.frontend_result"
          ]
        }
      ]
    },
    {
      "mode": "managed",
      "type": "aws_cloudfront_response_headers_policy",
      "name": "cloudfront_vote_response_headers_policy",
      "provider": "provider[\"registry.terraform.io/hashicorp/aws\"]",
      "instances": [
        {
          "schema_version": 0,
          "attributes": {
            "comment": "",
            "cors_config": [
              {
                "access_control_allow_credentials": false,
                "access_control_allow_headers": [
                  {
                    "items": [
                      "*"
                    ]
                  }
                ],
                "access_control_allow_methods": [
                  {
                    "items": [
                      "DELETE",
                      "GET",
                      "HEAD",
                      "OPTIONS",
                      "PATCH",
                      "POST",
                      "PUT"
                    ]
                  }
                ],
                "access_control_allow_origins": [
                  {
                    "items": [
                      "*"
                    ]
                  }
                ],
                "access_control_expose_headers": [
                  {
                    "items": [
                      "*"
                    ]
                  }
                ],
                "access_control_max_age_sec": 0,
                "origin_override": false
              }
            ],
            "custom_headers_config": [],
            "etag": "E23ZP02F085DFQ",
            "id": "8e80057c-72a3-4f27-a81e-23ff71097522",
            "name": "cloudfront_vote_response_headers_policy",
            "security_headers_config": [],
            "server_timing_headers_config": []
          },
          "sensitive_attributes": [],
          "private": "bnVsbA==",
          "dependencies": [
            "aws_cloudfront_distribution.cloudfront_vote",
            "aws_cloudfront_origin_access_identity.frontend_vote_cloudfront_oai",
            "aws_s3_bucket.frontend_vote"
          ]
        }
      ]
    },
    {
      "mode": "managed",
      "type": "aws_dynamodb_table",
      "name": "dynamodb_table_votes",
      "provider": "provider[\"registry.terraform.io/hashicorp/aws\"]",
      "instances": [
        {
          "schema_version": 1,
          "attributes": {
            "arn": "arn:aws:dynamodb:us-east-2:025416187662:table/votes",
            "attribute": [
              {
                "name": "voter",
                "type": "S"
              }
            ],
            "billing_mode": "PAY_PER_REQUEST",
            "global_secondary_index": [],
            "hash_key": "voter",
            "id": "votes",
            "local_secondary_index": [],
            "name": "votes",
            "point_in_time_recovery": [
              {
                "enabled": false
              }
            ],
            "range_key": null,
            "read_capacity": 0,
            "replica": [],
            "restore_date_time": null,
            "restore_source_name": null,
            "restore_to_latest_time": null,
            "server_side_encryption": [],
            "stream_arn": "arn:aws:dynamodb:us-east-2:025416187662:table/votes/stream/2023-02-01T09:51:08.733",
            "stream_enabled": true,
            "stream_label": "2023-02-01T09:51:08.733",
            "stream_view_type": "NEW_AND_OLD_IMAGES",
            "table_class": "",
            "tags": {},
            "tags_all": {},
            "timeouts": null,
            "ttl": [
              {
                "attribute_name": "",
                "enabled": false
              }
            ],
            "write_capacity": 0
          },
          "sensitive_attributes": [],
          "private": "eyJlMmJmYjczMC1lY2FhLTExZTYtOGY4OC0zNDM2M2JjN2M0YzAiOnsiY3JlYXRlIjoxODAwMDAwMDAwMDAwLCJkZWxldGUiOjYwMDAwMDAwMDAwMCwidXBkYXRlIjozNjAwMDAwMDAwMDAwfSwic2NoZW1hX3ZlcnNpb24iOiIxIn0="
        }
      ]
    },
    {
      "mode": "managed",
      "type": "aws_dynamodb_table_item",
      "name": "item1",
      "provider": "provider[\"registry.terraform.io/hashicorp/aws\"]",
      "instances": [
        {
          "schema_version": 0,
          "attributes": {
            "hash_key": "voter",
            "id": "votes|voter||count|",
            "item": "{\r\n  \"voter\": {\"S\": \"count\"},\r\n  \"a\": {\"N\": \"0\"},\r\n  \"b\": {\"N\": \"0\"}\r\n\r\n}\r\n",
            "range_key": null,
            "table_name": "votes"
          },
          "sensitive_attributes": [],
          "private": "bnVsbA==",
          "dependencies": [
            "aws_dynamodb_table.dynamodb_table_votes"
          ]
        }
      ]
    },
    {
      "mode": "managed",
      "type": "aws_iam_policy",
      "name": "log_policy",
      "provider": "provider[\"registry.terraform.io/hashicorp/aws\"]",
      "instances": [
        {
          "schema_version": 0,
          "attributes": {
            "arn": "arn:aws:iam::025416187662:policy/log_policy",
            "description": "",
            "id": "arn:aws:iam::025416187662:policy/log_policy",
            "name": "log_policy",
            "name_prefix": null,
            "path": "/",
            "policy": "{\"Statement\":[{\"Action\":[\"logs:CreateLogGroup\",\"logs:CreateLogStream\",\"logs:PutLogEvents\"],\"Effect\":\"Allow\",\"Resource\":\"arn:aws:logs:*:*:*\"}],\"Version\":\"2012-10-17\"}",
            "policy_id": "ANPAQL2XMH4HI5LRXYQ2B",
            "tags": {},
            "tags_all": {}
          },
          "sensitive_attributes": [],
          "private": "bnVsbA=="
        }
      ]
    },
    {
      "mode": "managed",
      "type": "aws_iam_policy",
      "name": "result_dynamodb_get_item_policy",
      "provider": "provider[\"registry.terraform.io/hashicorp/aws\"]",
      "instances": [
        {
          "schema_version": 0,
          "attributes": {
            "arn": "arn:aws:iam::025416187662:policy/result_dynamodb_get_item_policy",
            "description": "",
            "id": "arn:aws:iam::025416187662:policy/result_dynamodb_get_item_policy",
            "name": "result_dynamodb_get_item_policy",
            "name_prefix": null,
            "path": "/",
            "policy": "{\"Statement\":[{\"Action\":[\"dynamodb:DeleteItem\",\"dynamodb:GetShardIterator\",\"dynamodb:GetItem\",\"dynamodb:DescribeStream\",\"dynamodb:GetRecords\"],\"Effect\":\"Allow\",\"Resource\":\"arn:aws:dynamodb:us-east-2:025416187662:table/votes\",\"Sid\":\"VisualEditor0\"}],\"Version\":\"2012-10-17\"}",
            "policy_id": "ANPAQL2XMH4HCD56GYOSK",
            "tags": {},
            "tags_all": {}
          },
          "sensitive_attributes": [],
          "private": "bnVsbA==",
          "dependencies": [
            "aws_dynamodb_table.dynamodb_table_votes"
          ]
        }
      ]
    },
    {
      "mode": "managed",
      "type": "aws_iam_policy",
      "name": "result_log_policy",
      "provider": "provider[\"registry.terraform.io/hashicorp/aws\"]",
      "instances": [
        {
          "schema_version": 0,
          "attributes": {
            "arn": "arn:aws:iam::025416187662:policy/result_log_policy",
            "description": "",
            "id": "arn:aws:iam::025416187662:policy/result_log_policy",
            "name": "result_log_policy",
            "name_prefix": null,
            "path": "/",
            "policy": "{\"Statement\":[{\"Action\":[\"logs:CreateLogGroup\",\"logs:CreateLogStream\",\"logs:PutLogEvents\"],\"Effect\":\"Allow\",\"Resource\":\"arn:aws:logs:*:*:*\"}],\"Version\":\"2012-10-17\"}",
            "policy_id": "ANPAQL2XMH4HJOBYIUQRD",
            "tags": {},
            "tags_all": {}
          },
          "sensitive_attributes": [],
          "private": "bnVsbA=="
        }
      ]
    },
    {
      "mode": "managed",
      "type": "aws_iam_policy",
      "name": "vote_lambda_policy_send_to_sns",
      "provider": "provider[\"registry.terraform.io/hashicorp/aws\"]",
      "instances": [
        {
          "schema_version": 0,
          "attributes": {
            "arn": "arn:aws:iam::025416187662:policy/vote_lambda_policy_send_to_sns",
            "description": "",
            "id": "arn:aws:iam::025416187662:policy/vote_lambda_policy_send_to_sns",
            "name": "vote_lambda_policy_send_to_sns",
            "name_prefix": null,
            "path": "/",
            "policy": "{\"Statement\":[{\"Action\":\"sns:Publish\",\"Effect\":\"Allow\",\"Resource\":\"arn:aws:sns:us-east-2:025416187662:erjan_sns\",\"Sid\":\"\"}],\"Version\":\"2012-10-17\"}",
            "policy_id": "ANPAQL2XMH4HON3RQH4ZD",
            "tags": {},
            "tags_all": {}
          },
          "sensitive_attributes": [],
          "private": "bnVsbA==",
          "dependencies": [
            "aws_sns_topic.vote_sns",
            "data.aws_iam_policy_document.vote_lambda_policy_send_to_sns"
          ]
        }
      ]
    },
    {
      "mode": "managed",
      "type": "aws_iam_policy",
      "name": "vote_processor_dynamodb_policy",
      "provider": "provider[\"registry.terraform.io/hashicorp/aws\"]",
      "instances": [
        {
          "schema_version": 0,
          "attributes": {
            "arn": "arn:aws:iam::025416187662:policy/vote_processor_dynamodb_policy",
            "description": "",
            "id": "arn:aws:iam::025416187662:policy/vote_processor_dynamodb_policy",
            "name": "vote_processor_dynamodb_policy",
            "name_prefix": null,
            "path": "/",
            "policy": "{\"Statement\":[{\"Action\":[\"dynamodb:PutItem\",\"dynamodb:UpdateItem\",\"dynamodb:Get*\",\"dynamodb:Query\",\"dynamodb:Scan\",\"dynamodb:BatchWrite*\",\"dynamodb:CreateTable\",\"dynamodb:Delete*\"],\"Effect\":\"Allow\",\"Resource\":\"arn:aws:dynamodb:us-east-2:025416187662:table/votes\",\"Sid\":\"VisualEditor0\"}],\"Version\":\"2012-10-17\"}",
            "policy_id": "ANPAQL2XMH4HC4ZMB7J22",
            "tags": {},
            "tags_all": {}
          },
          "sensitive_attributes": [],
          "private": "bnVsbA==",
          "dependencies": [
            "aws_dynamodb_table.dynamodb_table_votes"
          ]
        }
      ]
    },
    {
      "mode": "managed",
      "type": "aws_iam_policy",
      "name": "vote_processor_log_policy",
      "provider": "provider[\"registry.terraform.io/hashicorp/aws\"]",
      "instances": [
        {
          "schema_version": 0,
          "attributes": {
            "arn": "arn:aws:iam::025416187662:policy/vote_processor_log_policy",
            "description": "",
            "id": "arn:aws:iam::025416187662:policy/vote_processor_log_policy",
            "name": "vote_processor_log_policy",
            "name_prefix": null,
            "path": "/",
            "policy": "{\"Statement\":[{\"Action\":[\"logs:CreateLogGroup\",\"logs:CreateLogStream\",\"logs:PutLogEvents\"],\"Effect\":\"Allow\",\"Resource\":\"arn:aws:logs:*:*:*\"}],\"Version\":\"2012-10-17\"}",
            "policy_id": "ANPAQL2XMH4HCVB6CGVT7",
            "tags": {},
            "tags_all": {}
          },
          "sensitive_attributes": [],
          "private": "bnVsbA=="
        }
      ]
    },
    {
      "mode": "managed",
      "type": "aws_iam_policy",
      "name": "vote_processor_sqs_policy",
      "provider": "provider[\"registry.terraform.io/hashicorp/aws\"]",
      "instances": [
        {
          "schema_version": 0,
          "attributes": {
            "arn": "arn:aws:iam::025416187662:policy/vote_processor_sqs_policy",
            "description": "",
            "id": "arn:aws:iam::025416187662:policy/vote_processor_sqs_policy",
            "name": "vote_processor_sqs_policy",
            "name_prefix": null,
            "path": "/",
            "policy": "{\"Statement\":[{\"Action\":[\"sqs:DeleteMessage\",\"sqs:GetQueueUrl\",\"sqs:ReceiveMessage\"],\"Effect\":\"Allow\",\"Resource\":\"arn:aws:sqs:us-east-2:025416187662:erjan_sqs\",\"Sid\":\"VisualEditor0\"},{\"Action\":[\"sqs:GetQueueAttributes\",\"sqs:ReceiveMessage\"],\"Effect\":\"Allow\",\"Resource\":\"arn:aws:sqs:us-east-2:025416187662:erjan_sqs\",\"Sid\":\"VisualEditor1\"}],\"Version\":\"2012-10-17\"}",
            "policy_id": "ANPAQL2XMH4HGWXVFDMWQ",
            "tags": {},
            "tags_all": {}
          },
          "sensitive_attributes": [],
          "private": "bnVsbA==",
          "dependencies": [
            "aws_sqs_queue.sqs_vote"
          ]
        }
      ]
    },
    {
      "mode": "managed",
      "type": "aws_iam_role",
      "name": "result_lambda_iam_role",
      "provider": "provider[\"registry.terraform.io/hashicorp/aws\"]",
      "instances": [
        {
          "schema_version": 0,
          "attributes": {
            "arn": "arn:aws:iam::025416187662:role/result_lambda_iam_role",
            "assume_role_policy": "{\"Statement\":[{\"Action\":\"sts:AssumeRole\",\"Effect\":\"Allow\",\"Principal\":{\"Service\":\"lambda.amazonaws.com\"},\"Sid\":\"\"}],\"Version\":\"2012-10-17\"}",
            "create_date": "2023-02-01T09:51:08Z",
            "description": "",
            "force_detach_policies": false,
            "id": "result_lambda_iam_role",
            "inline_policy": [],
            "managed_policy_arns": [
              "arn:aws:iam::025416187662:policy/result_dynamodb_get_item_policy",
              "arn:aws:iam::025416187662:policy/result_log_policy"
            ],
            "max_session_duration": 3600,
            "name": "result_lambda_iam_role",
            "name_prefix": "",
            "path": "/",
            "permissions_boundary": null,
            "tags": {},
            "tags_all": {},
            "unique_id": "AROAQL2XMH4HDW4OV65W5"
          },
          "sensitive_attributes": [],
          "private": "bnVsbA=="
        }
      ]
    },
    {
      "mode": "managed",
      "type": "aws_iam_role",
      "name": "vote_lambda_iam_role",
      "provider": "provider[\"registry.terraform.io/hashicorp/aws\"]",
      "instances": [
        {
          "schema_version": 0,
          "attributes": {
            "arn": "arn:aws:iam::025416187662:role/voting_role",
            "assume_role_policy": "{\"Statement\":[{\"Action\":\"sts:AssumeRole\",\"Effect\":\"Allow\",\"Principal\":{\"Service\":\"lambda.amazonaws.com\"},\"Sid\":\"\"}],\"Version\":\"2012-10-17\"}",
            "create_date": "2023-02-01T09:51:08Z",
            "description": "",
            "force_detach_policies": false,
            "id": "voting_role",
            "inline_policy": [],
            "managed_policy_arns": [
              "arn:aws:iam::025416187662:policy/log_policy",
              "arn:aws:iam::025416187662:policy/vote_lambda_policy_send_to_sns"
            ],
            "max_session_duration": 3600,
            "name": "voting_role",
            "name_prefix": "",
            "path": "/",
            "permissions_boundary": null,
            "tags": {},
            "tags_all": {},
            "unique_id": "AROAQL2XMH4HFYOMYMHQH"
          },
          "sensitive_attributes": [],
          "private": "bnVsbA=="
        }
      ]
    },
    {
      "mode": "managed",
      "type": "aws_iam_role",
      "name": "vote_processor_lambda_iam_role",
      "provider": "provider[\"registry.terraform.io/hashicorp/aws\"]",
      "instances": [
        {
          "schema_version": 0,
          "attributes": {
            "arn": "arn:aws:iam::025416187662:role/vote_processor_lambda_iam_role",
            "assume_role_policy": "{\"Statement\":[{\"Action\":\"sts:AssumeRole\",\"Effect\":\"Allow\",\"Principal\":{\"Service\":\"lambda.amazonaws.com\"},\"Sid\":\"\"}],\"Version\":\"2012-10-17\"}",
            "create_date": "2023-02-01T09:51:08Z",
            "description": "",
            "force_detach_policies": false,
            "id": "vote_processor_lambda_iam_role",
            "inline_policy": [],
            "managed_policy_arns": [
              "arn:aws:iam::025416187662:policy/vote_processor_dynamodb_policy",
              "arn:aws:iam::025416187662:policy/vote_processor_log_policy",
              "arn:aws:iam::025416187662:policy/vote_processor_sqs_policy"
            ],
            "max_session_duration": 3600,
            "name": "vote_processor_lambda_iam_role",
            "name_prefix": "",
            "path": "/",
            "permissions_boundary": null,
            "tags": {},
            "tags_all": {},
            "unique_id": "AROAQL2XMH4HOOBINUCY2"
          },
          "sensitive_attributes": [],
          "private": "bnVsbA=="
        }
      ]
    },
    {
      "mode": "managed",
      "type": "aws_iam_role_policy_attachment",
      "name": "attach_log_policy_to_iam_role",
      "provider": "provider[\"registry.terraform.io/hashicorp/aws\"]",
      "instances": [
        {
          "schema_version": 0,
          "attributes": {
            "id": "voting_role-20230201095107449200000003",
            "policy_arn": "arn:aws:iam::025416187662:policy/log_policy",
            "role": "voting_role"
          },
          "sensitive_attributes": [],
          "private": "bnVsbA==",
          "dependencies": [
            "aws_iam_policy.log_policy",
            "aws_iam_role.vote_lambda_iam_role"
          ]
        }
      ]
    },
    {
      "mode": "managed",
      "type": "aws_iam_role_policy_attachment",
      "name": "attach_result_dynamodb_get_item_policy",
      "provider": "provider[\"registry.terraform.io/hashicorp/aws\"]",
      "instances": [
        {
          "schema_version": 0,
          "attributes": {
            "id": "result_lambda_iam_role-20230201095115539000000009",
            "policy_arn": "arn:aws:iam::025416187662:policy/result_dynamodb_get_item_policy",
            "role": "result_lambda_iam_role"
          },
          "sensitive_attributes": [],
          "private": "bnVsbA==",
          "dependencies": [
            "aws_dynamodb_table.dynamodb_table_votes",
            "aws_iam_policy.result_dynamodb_get_item_policy",
            "aws_iam_role.result_lambda_iam_role"
          ]
        }
      ]
    },
    {
      "mode": "managed",
      "type": "aws_iam_role_policy_attachment",
      "name": "attach_result_log_policy_to_iam_role",
      "provider": "provider[\"registry.terraform.io/hashicorp/aws\"]",
      "instances": [
        {
          "schema_version": 0,
          "attributes": {
            "id": "result_lambda_iam_role-20230201095107311100000002",
            "policy_arn": "arn:aws:iam::025416187662:policy/result_log_policy",
            "role": "result_lambda_iam_role"
          },
          "sensitive_attributes": [],
          "private": "bnVsbA==",
          "dependencies": [
            "aws_iam_policy.result_log_policy",
            "aws_iam_role.result_lambda_iam_role"
          ]
        }
      ]
    },
    {
      "mode": "managed",
      "type": "aws_iam_role_policy_attachment",
      "name": "attach_sns_send_to_iam_role",
      "provider": "provider[\"registry.terraform.io/hashicorp/aws\"]",
      "instances": [
        {
          "schema_version": 0,
          "attributes": {
            "id": "voting_role-20230201095108579700000004",
            "policy_arn": "arn:aws:iam::025416187662:policy/vote_lambda_policy_send_to_sns",
            "role": "voting_role"
          },
          "sensitive_attributes": [],
          "private": "bnVsbA==",
          "dependencies": [
            "aws_iam_policy.vote_lambda_policy_send_to_sns",
            "aws_iam_role.vote_lambda_iam_role",
            "aws_sns_topic.vote_sns",
            "data.aws_iam_policy_document.vote_lambda_policy_send_to_sns"
          ]
        }
      ]
    },
    {
      "mode": "managed",
      "type": "aws_iam_role_policy_attachment",
      "name": "attach_vote_processor_dynamodb_policy_to_iam_role",
      "provider": "provider[\"registry.terraform.io/hashicorp/aws\"]",
      "instances": [
        {
          "schema_version": 0,
          "attributes": {
            "id": "vote_processor_lambda_iam_role-2023020109511567680000000a",
            "policy_arn": "arn:aws:iam::025416187662:policy/vote_processor_dynamodb_policy",
            "role": "vote_processor_lambda_iam_role"
          },
          "sensitive_attributes": [],
          "private": "bnVsbA==",
          "dependencies": [
            "aws_dynamodb_table.dynamodb_table_votes",
            "aws_iam_policy.vote_processor_dynamodb_policy",
            "aws_iam_role.vote_processor_lambda_iam_role"
          ]
        }
      ]
    },
    {
      "mode": "managed",
      "type": "aws_iam_role_policy_attachment",
      "name": "attach_vote_processor_log_policy_to_iam_role",
      "provider": "provider[\"registry.terraform.io/hashicorp/aws\"]",
      "instances": [
        {
          "schema_version": 0,
          "attributes": {
            "id": "vote_processor_lambda_iam_role-20230201095107275600000001",
            "policy_arn": "arn:aws:iam::025416187662:policy/vote_processor_log_policy",
            "role": "vote_processor_lambda_iam_role"
          },
          "sensitive_attributes": [],
          "private": "bnVsbA==",
          "dependencies": [
            "aws_iam_policy.vote_processor_log_policy",
            "aws_iam_role.vote_processor_lambda_iam_role"
          ]
        }
      ]
    },
    {
      "mode": "managed",
      "type": "aws_iam_role_policy_attachment",
      "name": "vote_processor_sqs_access_policy",
      "provider": "provider[\"registry.terraform.io/hashicorp/aws\"]",
      "instances": [
        {
          "schema_version": 0,
          "attributes": {
            "id": "vote_processor_lambda_iam_role-2023020109513390760000000b",
            "policy_arn": "arn:aws:iam::025416187662:policy/vote_processor_sqs_policy",
            "role": "vote_processor_lambda_iam_role"
          },
          "sensitive_attributes": [],
          "private": "bnVsbA==",
          "dependencies": [
            "aws_iam_policy.vote_processor_sqs_policy",
            "aws_iam_role.vote_processor_lambda_iam_role",
            "aws_sqs_queue.sqs_vote"
          ]
        }
      ]
    },
    {
      "mode": "managed",
      "type": "aws_lambda_event_source_mapping",
      "name": "sqs_to_vote_processor_lambda_trigger",
      "provider": "provider[\"registry.terraform.io/hashicorp/aws\"]",
      "instances": [
        {
          "schema_version": 0,
          "attributes": {
            "amazon_managed_kafka_event_source_config": [],
            "batch_size": 1,
            "bisect_batch_on_function_error": false,
            "destination_config": [],
            "enabled": true,
            "event_source_arn": "arn:aws:sqs:us-east-2:025416187662:erjan_sqs",
            "filter_criteria": [],
            "function_arn": "arn:aws:lambda:us-east-2:025416187662:function:vote_processor",
            "function_name": "arn:aws:lambda:us-east-2:025416187662:function:vote_processor",
            "function_response_types": [],
            "id": "226604f8-729c-4b76-b233-e165fc19c734",
            "last_modified": "2023-02-01T09:51:43Z",
            "last_processing_result": "",
            "maximum_batching_window_in_seconds": 0,
            "maximum_record_age_in_seconds": 0,
            "maximum_retry_attempts": 0,
            "parallelization_factor": 0,
            "queues": [],
            "self_managed_event_source": [],
            "self_managed_kafka_event_source_config": [],
            "source_access_configuration": [],
            "starting_position": "",
            "starting_position_timestamp": "",
            "state": "Enabled",
            "state_transition_reason": "USER_INITIATED",
            "topics": [],
            "tumbling_window_in_seconds": 0,
            "uuid": "226604f8-729c-4b76-b233-e165fc19c734"
          },
          "sensitive_attributes": [],
          "private": "bnVsbA==",
          "dependencies": [
            "aws_iam_role.vote_processor_lambda_iam_role",
            "aws_lambda_function.vote_processor_lambda_backend",
            "aws_sqs_queue.sqs_vote"
          ]
        }
      ]
    },
    {
      "mode": "managed",
      "type": "aws_lambda_function",
      "name": "result_lambda_backend",
      "provider": "provider[\"registry.terraform.io/hashicorp/aws\"]",
      "instances": [
        {
          "schema_version": 0,
          "attributes": {
            "architectures": [
              "x86_64"
            ],
            "arn": "arn:aws:lambda:us-east-2:025416187662:function:results",
            "code_signing_config_arn": "",
            "dead_letter_config": [],
            "description": "",
            "environment": [
              {
                "variables": {
                  "dynamodb_field": "vote",
                  "dynamodb_partition_key": "voter",
                  "dynamodb_table_name": "votes"
                }
              }
            ],
            "ephemeral_storage": [
              {
                "size": 512
              }
            ],
            "file_system_config": [],
            "filename": "./result.zip",
            "function_name": "results",
            "handler": "result.lambda_handler",
            "id": "results",
            "image_config": [],
            "image_uri": "",
            "invoke_arn": "arn:aws:apigateway:us-east-2:lambda:path/2015-03-31/functions/arn:aws:lambda:us-east-2:025416187662:function:results/invocations",
            "kms_key_arn": "",
            "last_modified": "2023-02-01T09:54:31.185+0000",
            "layers": [],
            "memory_size": 128,
            "package_type": "Zip",
            "publish": false,
            "qualified_arn": "arn:aws:lambda:us-east-2:025416187662:function:results:$LATEST",
            "qualified_invoke_arn": "arn:aws:apigateway:us-east-2:lambda:path/2015-03-31/functions/arn:aws:lambda:us-east-2:025416187662:function:results:$LATEST/invocations",
            "reserved_concurrent_executions": -1,
            "role": "arn:aws:iam::025416187662:role/result_lambda_iam_role",
            "runtime": "python3.9",
            "s3_bucket": null,
            "s3_key": null,
            "s3_object_version": null,
            "signing_job_arn": "",
            "signing_profile_version_arn": "",
            "snap_start": [],
            "source_code_hash": "DyyMju34Oa9eDm24AEs8Jkyo1PFbHA5SDIkqvcBCvZM=",
            "source_code_size": 449,
            "tags": {},
            "tags_all": {},
            "timeout": 3,
            "timeouts": null,
            "tracing_config": [
              {
                "mode": "PassThrough"
              }
            ],
            "version": "$LATEST",
            "vpc_config": []
          },
          "sensitive_attributes": [],
          "private": "eyJlMmJmYjczMC1lY2FhLTExZTYtOGY4OC0zNDM2M2JjN2M0YzAiOnsiY3JlYXRlIjo2MDAwMDAwMDAwMDB9fQ==",
          "dependencies": [
            "aws_iam_role.result_lambda_iam_role"
          ]
        }
      ]
    },
    {
      "mode": "managed",
      "type": "aws_lambda_function",
      "name": "vote_lambda_backend",
      "provider": "provider[\"registry.terraform.io/hashicorp/aws\"]",
      "instances": [
        {
          "schema_version": 0,
          "attributes": {
            "architectures": [
              "x86_64"
            ],
            "arn": "arn:aws:lambda:us-east-2:025416187662:function:voting",
            "code_signing_config_arn": "",
            "dead_letter_config": [],
            "description": "",
            "environment": [
              {
                "variables": {
                  "SNS_ARN": "arn:aws:sns:us-east-2:025416187662:erjan_sns",
                  "def_region": "us-east-2"
                }
              }
            ],
            "ephemeral_storage": [
              {
                "size": 512
              }
            ],
            "file_system_config": [],
            "filename": "./voting.zip",
            "function_name": "voting",
            "handler": "voting.lambda_handler",
            "id": "voting",
            "image_config": [],
            "image_uri": "",
            "invoke_arn": "arn:aws:apigateway:us-east-2:lambda:path/2015-03-31/functions/arn:aws:lambda:us-east-2:025416187662:function:voting/invocations",
            "kms_key_arn": "",
            "last_modified": "2023-02-01T09:54:31.188+0000",
            "layers": [],
            "memory_size": 128,
            "package_type": "Zip",
            "publish": false,
            "qualified_arn": "arn:aws:lambda:us-east-2:025416187662:function:voting:$LATEST",
            "qualified_invoke_arn": "arn:aws:apigateway:us-east-2:lambda:path/2015-03-31/functions/arn:aws:lambda:us-east-2:025416187662:function:voting:$LATEST/invocations",
            "reserved_concurrent_executions": -1,
            "role": "arn:aws:iam::025416187662:role/voting_role",
            "runtime": "python3.9",
            "s3_bucket": null,
            "s3_key": null,
            "s3_object_version": null,
            "signing_job_arn": "",
            "signing_profile_version_arn": "",
            "snap_start": [],
            "source_code_hash": "3asuZtgF1JneI386JVrqWATHG2xZ7Rx8PuCnKmZyu6k=",
            "source_code_size": 692,
            "tags": {},
            "tags_all": {},
            "timeout": 3,
            "timeouts": null,
            "tracing_config": [
              {
                "mode": "PassThrough"
              }
            ],
            "version": "$LATEST",
            "vpc_config": []
          },
          "sensitive_attributes": [],
          "private": "eyJlMmJmYjczMC1lY2FhLTExZTYtOGY4OC0zNDM2M2JjN2M0YzAiOnsiY3JlYXRlIjo2MDAwMDAwMDAwMDB9fQ==",
          "dependencies": [
            "aws_iam_policy.vote_lambda_policy_send_to_sns",
            "aws_iam_role.vote_lambda_iam_role",
            "aws_iam_role_policy_attachment.attach_sns_send_to_iam_role",
            "aws_sns_topic.vote_sns",
            "data.aws_iam_policy_document.vote_lambda_policy_send_to_sns"
          ]
        }
      ]
    },
    {
      "mode": "managed",
      "type": "aws_lambda_function",
      "name": "vote_processor_lambda_backend",
      "provider": "provider[\"registry.terraform.io/hashicorp/aws\"]",
      "instances": [
        {
          "schema_version": 0,
          "attributes": {
            "architectures": [
              "x86_64"
            ],
            "arn": "arn:aws:lambda:us-east-2:025416187662:function:vote_processor",
            "code_signing_config_arn": "",
            "dead_letter_config": [],
            "description": "",
            "environment": [
              {
                "variables": {
                  "dynamodb_field": "vote",
                  "dynamodb_partition_key": "voter",
                  "dynamodb_table_name": "votes",
                  "region": "us-east-2",
                  "sqs_queue_name": "erjan_sqs"
                }
              }
            ],
            "ephemeral_storage": [
              {
                "size": 512
              }
            ],
            "file_system_config": [],
            "filename": "./vote_processor.zip",
            "function_name": "vote_processor",
            "handler": "vote_processor.lambda_handler",
            "id": "vote_processor",
            "image_config": [],
            "image_uri": "",
            "invoke_arn": "arn:aws:apigateway:us-east-2:lambda:path/2015-03-31/functions/arn:aws:lambda:us-east-2:025416187662:function:vote_processor/invocations",
            "kms_key_arn": "",
            "last_modified": "2023-02-01T09:51:36.093+0000",
            "layers": [],
            "memory_size": 128,
            "package_type": "Zip",
            "publish": false,
            "qualified_arn": "arn:aws:lambda:us-east-2:025416187662:function:vote_processor:$LATEST",
            "qualified_invoke_arn": "arn:aws:apigateway:us-east-2:lambda:path/2015-03-31/functions/arn:aws:lambda:us-east-2:025416187662:function:vote_processor:$LATEST/invocations",
            "reserved_concurrent_executions": -1,
            "role": "arn:aws:iam::025416187662:role/vote_processor_lambda_iam_role",
            "runtime": "python3.9",
            "s3_bucket": null,
            "s3_key": null,
            "s3_object_version": null,
            "signing_job_arn": "",
            "signing_profile_version_arn": "",
            "snap_start": [],
            "source_code_hash": "vTuWrqwHyDoDdpb0EXhiCNH/563/S08DxXHX5AtAKh4=",
            "source_code_size": 874,
            "tags": {},
            "tags_all": {},
            "timeout": 3,
            "timeouts": null,
            "tracing_config": [
              {
                "mode": "PassThrough"
              }
            ],
            "version": "$LATEST",
            "vpc_config": []
          },
          "sensitive_attributes": [],
          "private": "eyJlMmJmYjczMC1lY2FhLTExZTYtOGY4OC0zNDM2M2JjN2M0YzAiOnsiY3JlYXRlIjo2MDAwMDAwMDAwMDB9fQ==",
          "dependencies": [
            "aws_iam_role.vote_processor_lambda_iam_role",
            "aws_sqs_queue.sqs_vote"
          ]
        }
      ]
    },
    {
      "mode": "managed",
      "type": "aws_lambda_function_event_invoke_config",
      "name": "vote_sns_trigger_lambda_event_invoke_config",
      "provider": "provider[\"registry.terraform.io/hashicorp/aws\"]",
      "instances": [
        {
          "schema_version": 0,
          "attributes": {
            "destination_config": [
              {
                "on_failure": [],
                "on_success": [
                  {
                    "destination": "arn:aws:sns:us-east-2:025416187662:erjan_sns"
                  }
                ]
              }
            ],
            "function_name": "voting",
            "id": "voting",
            "maximum_event_age_in_seconds": 0,
            "maximum_retry_attempts": 2,
            "qualifier": ""
          },
          "sensitive_attributes": [],
          "private": "bnVsbA==",
          "dependencies": [
            "aws_iam_policy.vote_lambda_policy_send_to_sns",
            "aws_iam_role.vote_lambda_iam_role",
            "aws_iam_role_policy_attachment.attach_sns_send_to_iam_role",
            "aws_lambda_function.vote_lambda_backend",
            "aws_sns_topic.vote_sns",
            "data.aws_iam_policy_document.vote_lambda_policy_send_to_sns"
          ]
        }
      ]
    },
    {
      "mode": "managed",
      "type": "aws_lambda_permission",
      "name": "result_permission",
      "provider": "provider[\"registry.terraform.io/hashicorp/aws\"]",
      "instances": [
        {
          "schema_version": 0,
          "attributes": {
            "action": "lambda:InvokeFunction",
            "event_source_token": null,
            "function_name": "results",
            "function_url_auth_type": null,
            "id": "AllowExecutionFromAPIGateway",
            "principal": "apigateway.amazonaws.com",
            "principal_org_id": null,
            "qualifier": "",
            "source_account": null,
            "source_arn": "arn:aws:execute-api:us-east-2:025416187662:uebrw2szug/*/*/results",
            "statement_id": "AllowExecutionFromAPIGateway",
            "statement_id_prefix": ""
          },
          "sensitive_attributes": [],
          "private": "bnVsbA==",
          "dependencies": [
            "aws_apigatewayv2_api.main_apigateway",
            "aws_cloudfront_distribution.cloudfront_result",
            "aws_cloudfront_distribution.cloudfront_vote",
            "aws_cloudfront_origin_access_identity.frontend_result_cloudfront_oai",
            "aws_cloudfront_origin_access_identity.frontend_vote_cloudfront_oai",
            "aws_iam_role.result_lambda_iam_role",
            "aws_lambda_function.result_lambda_backend",
            "aws_s3_bucket.frontend_result",
            "aws_s3_bucket.frontend_vote"
          ]
        }
      ]
    },
    {
      "mode": "managed",
      "type": "aws_lambda_permission",
      "name": "vote_permission",
      "provider": "provider[\"registry.terraform.io/hashicorp/aws\"]",
      "instances": [
        {
          "schema_version": 0,
          "attributes": {
            "action": "lambda:InvokeFunction",
            "event_source_token": null,
            "function_name": "voting",
            "function_url_auth_type": null,
            "id": "AllowExecutionFromAPIGateway",
            "principal": "apigateway.amazonaws.com",
            "principal_org_id": null,
            "qualifier": "",
            "source_account": null,
            "source_arn": "arn:aws:execute-api:us-east-2:025416187662:uebrw2szug/*/*/voting",
            "statement_id": "AllowExecutionFromAPIGateway",
            "statement_id_prefix": ""
          },
          "sensitive_attributes": [],
          "private": "bnVsbA==",
          "dependencies": [
            "aws_apigatewayv2_api.main_apigateway",
            "aws_cloudfront_distribution.cloudfront_result",
            "aws_cloudfront_distribution.cloudfront_vote",
            "aws_cloudfront_origin_access_identity.frontend_result_cloudfront_oai",
            "aws_cloudfront_origin_access_identity.frontend_vote_cloudfront_oai",
            "aws_iam_policy.vote_lambda_policy_send_to_sns",
            "aws_iam_role.vote_lambda_iam_role",
            "aws_iam_role_policy_attachment.attach_sns_send_to_iam_role",
            "aws_lambda_function.vote_lambda_backend",
            "aws_s3_bucket.frontend_result",
            "aws_s3_bucket.frontend_vote",
            "aws_sns_topic.vote_sns",
            "data.aws_iam_policy_document.vote_lambda_policy_send_to_sns"
          ]
        }
      ]
    },
    {
      "mode": "managed",
      "type": "aws_s3_bucket",
      "name": "frontend_result",
      "provider": "provider[\"registry.terraform.io/hashicorp/aws\"]",
      "instances": [
        {
          "schema_version": 0,
          "attributes": {
            "acceleration_status": "",
            "acl": null,
            "arn": "arn:aws:s3:::frontend-bucket-erjan-result-us-east-2",
            "bucket": "frontend-bucket-erjan-result-us-east-2",
            "bucket_domain_name": "frontend-bucket-erjan-result-us-east-2.s3.amazonaws.com",
            "bucket_prefix": null,
            "bucket_regional_domain_name": "frontend-bucket-erjan-result-us-east-2.s3.us-east-2.amazonaws.com",
            "cors_rule": [],
            "force_destroy": false,
            "grant": [
              {
                "id": "4a885422284bf2047b0f8fa5e2f501c03859ce030aeb20b1c03ee1c3b98bb8ae",
                "permissions": [
                  "FULL_CONTROL"
                ],
                "type": "CanonicalUser",
                "uri": ""
              }
            ],
            "hosted_zone_id": "Z2O1EMRO9K5GLX",
            "id": "frontend-bucket-erjan-result-us-east-2",
            "lifecycle_rule": [],
            "logging": [],
            "object_lock_configuration": [],
            "object_lock_enabled": false,
            "policy": "{\"Statement\":[{\"Action\":\"s3:GetObject\",\"Effect\":\"Allow\",\"Principal\":\"*\",\"Resource\":\"arn:aws:s3:::frontend-bucket-erjan-result-us-east-2/*\",\"Sid\":\"PublicReadGetObject\"},{\"Action\":\"s3:GetObject\",\"Effect\":\"Allow\",\"Principal\":{\"AWS\":\"arn:aws:iam::cloudfront:user/CloudFront Origin Access Identity E7UOINKJSSVUD\"},\"Resource\":\"arn:aws:s3:::frontend-bucket-erjan-result-us-east-2/*\",\"Sid\":\"\"}],\"Version\":\"2012-10-17\"}",
            "region": "us-east-2",
            "replication_configuration": [],
            "request_payer": "BucketOwner",
            "server_side_encryption_configuration": [],
            "tags": {},
            "tags_all": {},
            "timeouts": null,
            "versioning": [
              {
                "enabled": false,
                "mfa_delete": false
              }
            ],
            "website": [
              {
                "error_document": "",
                "index_document": "index.html",
                "redirect_all_requests_to": "",
                "routing_rules": ""
              }
            ],
            "website_domain": "s3-website.us-east-2.amazonaws.com",
            "website_endpoint": "frontend-bucket-erjan-result-us-east-2.s3-website.us-east-2.amazonaws.com"
          },
          "sensitive_attributes": [],
          "private": "eyJlMmJmYjczMC1lY2FhLTExZTYtOGY4OC0zNDM2M2JjN2M0YzAiOnsiY3JlYXRlIjoxMjAwMDAwMDAwMDAwLCJkZWxldGUiOjM2MDAwMDAwMDAwMDAsInJlYWQiOjEyMDAwMDAwMDAwMDAsInVwZGF0ZSI6MTIwMDAwMDAwMDAwMH19"
        }
      ]
    },
    {
      "mode": "managed",
      "type": "aws_s3_bucket",
      "name": "frontend_vote",
      "provider": "provider[\"registry.terraform.io/hashicorp/aws\"]",
      "instances": [
        {
          "schema_version": 0,
          "attributes": {
            "acceleration_status": "",
            "acl": null,
            "arn": "arn:aws:s3:::frontend-bucket-erjan-vote-us-east-2",
            "bucket": "frontend-bucket-erjan-vote-us-east-2",
            "bucket_domain_name": "frontend-bucket-erjan-vote-us-east-2.s3.amazonaws.com",
            "bucket_prefix": null,
            "bucket_regional_domain_name": "frontend-bucket-erjan-vote-us-east-2.s3.us-east-2.amazonaws.com",
            "cors_rule": [],
            "force_destroy": false,
            "grant": [
              {
                "id": "4a885422284bf2047b0f8fa5e2f501c03859ce030aeb20b1c03ee1c3b98bb8ae",
                "permissions": [
                  "FULL_CONTROL"
                ],
                "type": "CanonicalUser",
                "uri": ""
              }
            ],
            "hosted_zone_id": "Z2O1EMRO9K5GLX",
            "id": "frontend-bucket-erjan-vote-us-east-2",
            "lifecycle_rule": [],
            "logging": [],
            "object_lock_configuration": [],
            "object_lock_enabled": false,
            "policy": "{\"Statement\":[{\"Action\":\"s3:GetObject\",\"Effect\":\"Allow\",\"Principal\":\"*\",\"Resource\":\"arn:aws:s3:::frontend-bucket-erjan-vote-us-east-2/*\",\"Sid\":\"PublicReadGetObject\"},{\"Action\":\"s3:GetObject\",\"Effect\":\"Allow\",\"Principal\":{\"AWS\":\"arn:aws:iam::cloudfront:user/CloudFront Origin Access Identity E1G13U4YY1D7EH\"},\"Resource\":\"arn:aws:s3:::frontend-bucket-erjan-vote-us-east-2/*\",\"Sid\":\"\"}],\"Version\":\"2012-10-17\"}",
            "region": "us-east-2",
            "replication_configuration": [],
            "request_payer": "BucketOwner",
            "server_side_encryption_configuration": [],
            "tags": {},
            "tags_all": {},
            "timeouts": null,
            "versioning": [
              {
                "enabled": false,
                "mfa_delete": false
              }
            ],
            "website": [
              {
                "error_document": "",
                "index_document": "index.html",
                "redirect_all_requests_to": "",
                "routing_rules": ""
              }
            ],
            "website_domain": "s3-website.us-east-2.amazonaws.com",
            "website_endpoint": "frontend-bucket-erjan-vote-us-east-2.s3-website.us-east-2.amazonaws.com"
          },
          "sensitive_attributes": [],
          "private": "eyJlMmJmYjczMC1lY2FhLTExZTYtOGY4OC0zNDM2M2JjN2M0YzAiOnsiY3JlYXRlIjoxMjAwMDAwMDAwMDAwLCJkZWxldGUiOjM2MDAwMDAwMDAwMDAsInJlYWQiOjEyMDAwMDAwMDAwMDAsInVwZGF0ZSI6MTIwMDAwMDAwMDAwMH19"
        }
      ]
    },
    {
      "mode": "managed",
      "type": "aws_s3_bucket_ownership_controls",
      "name": "frontend_result_bucket_ownership",
      "provider": "provider[\"registry.terraform.io/hashicorp/aws\"]",
      "instances": [
        {
          "schema_version": 0,
          "attributes": {
            "bucket": "frontend-bucket-erjan-result-us-east-2",
            "id": "frontend-bucket-erjan-result-us-east-2",
            "rule": [
              {
                "object_ownership": "BucketOwnerEnforced"
              }
            ]
          },
          "sensitive_attributes": [],
          "private": "bnVsbA==",
          "dependencies": [
            "aws_s3_bucket.frontend_result"
          ]
        }
      ]
    },
    {
      "mode": "managed",
      "type": "aws_s3_bucket_ownership_controls",
      "name": "frontend_vote-bucket-ownership",
      "provider": "provider[\"registry.terraform.io/hashicorp/aws\"]",
      "instances": [
        {
          "schema_version": 0,
          "attributes": {
            "bucket": "frontend-bucket-erjan-vote-us-east-2",
            "id": "frontend-bucket-erjan-vote-us-east-2",
            "rule": [
              {
                "object_ownership": "BucketOwnerEnforced"
              }
            ]
          },
          "sensitive_attributes": [],
          "private": "bnVsbA==",
          "dependencies": [
            "aws_s3_bucket.frontend_vote"
          ]
        }
      ]
    },
    {
      "mode": "managed",
      "type": "aws_s3_bucket_policy",
      "name": "frontend_result_s3_bucket_policy",
      "provider": "provider[\"registry.terraform.io/hashicorp/aws\"]",
      "instances": [
        {
          "schema_version": 0,
          "attributes": {
            "bucket": "frontend-bucket-erjan-result-us-east-2",
            "id": "frontend-bucket-erjan-result-us-east-2",
            "policy": "{\"Statement\":[{\"Action\":\"s3:GetObject\",\"Effect\":\"Allow\",\"Principal\":\"*\",\"Resource\":\"arn:aws:s3:::frontend-bucket-erjan-result-us-east-2/*\",\"Sid\":\"PublicReadGetObject\"},{\"Action\":\"s3:GetObject\",\"Effect\":\"Allow\",\"Principal\":{\"AWS\":\"arn:aws:iam::cloudfront:user/CloudFront Origin Access Identity E7UOINKJSSVUD\"},\"Resource\":\"arn:aws:s3:::frontend-bucket-erjan-result-us-east-2/*\",\"Sid\":\"\"}],\"Version\":\"2012-10-17\"}"
          },
          "sensitive_attributes": [],
          "private": "bnVsbA==",
          "dependencies": [
            "aws_cloudfront_origin_access_identity.frontend_result_cloudfront_oai",
            "aws_s3_bucket.frontend_result",
            "data.aws_iam_policy_document.frontend_result_s3_bucket_policy"
          ]
        }
      ]
    },
    {
      "mode": "managed",
      "type": "aws_s3_bucket_policy",
      "name": "frontend_vote_s3_bucket_policy",
      "provider": "provider[\"registry.terraform.io/hashicorp/aws\"]",
      "instances": [
        {
          "schema_version": 0,
          "attributes": {
            "bucket": "frontend-bucket-erjan-vote-us-east-2",
            "id": "frontend-bucket-erjan-vote-us-east-2",
            "policy": "{\"Statement\":[{\"Action\":\"s3:GetObject\",\"Effect\":\"Allow\",\"Principal\":\"*\",\"Resource\":\"arn:aws:s3:::frontend-bucket-erjan-vote-us-east-2/*\",\"Sid\":\"PublicReadGetObject\"},{\"Action\":\"s3:GetObject\",\"Effect\":\"Allow\",\"Principal\":{\"AWS\":\"arn:aws:iam::cloudfront:user/CloudFront Origin Access Identity E1G13U4YY1D7EH\"},\"Resource\":\"arn:aws:s3:::frontend-bucket-erjan-vote-us-east-2/*\",\"Sid\":\"\"}],\"Version\":\"2012-10-17\"}"
          },
          "sensitive_attributes": [],
          "private": "bnVsbA==",
          "dependencies": [
            "aws_cloudfront_origin_access_identity.frontend_vote_cloudfront_oai",
            "aws_s3_bucket.frontend_vote",
            "data.aws_iam_policy_document.frontend_vote_s3_bucket_policy"
          ]
        }
      ]
    },
    {
      "mode": "managed",
      "type": "aws_s3_bucket_website_configuration",
      "name": "frontend_result_static",
      "provider": "provider[\"registry.terraform.io/hashicorp/aws\"]",
      "instances": [
        {
          "schema_version": 0,
          "attributes": {
            "bucket": "frontend-bucket-erjan-result-us-east-2",
            "error_document": [],
            "expected_bucket_owner": "",
            "id": "frontend-bucket-erjan-result-us-east-2",
            "index_document": [
              {
                "suffix": "index.html"
              }
            ],
            "redirect_all_requests_to": [],
            "routing_rule": [],
            "routing_rules": "",
            "website_domain": "s3-website.us-east-2.amazonaws.com",
            "website_endpoint": "frontend-bucket-erjan-result-us-east-2.s3-website.us-east-2.amazonaws.com"
          },
          "sensitive_attributes": [],
          "private": "bnVsbA==",
          "dependencies": [
            "aws_s3_bucket.frontend_result",
            "aws_s3_object.index_file_result"
          ]
        }
      ]
    },
    {
      "mode": "managed",
      "type": "aws_s3_bucket_website_configuration",
      "name": "frontend_vote-static",
      "provider": "provider[\"registry.terraform.io/hashicorp/aws\"]",
      "instances": [
        {
          "schema_version": 0,
          "attributes": {
            "bucket": "frontend-bucket-erjan-vote-us-east-2",
            "error_document": [],
            "expected_bucket_owner": "",
            "id": "frontend-bucket-erjan-vote-us-east-2",
            "index_document": [
              {
                "suffix": "index.html"
              }
            ],
            "redirect_all_requests_to": [],
            "routing_rule": [],
            "routing_rules": "",
            "website_domain": "s3-website.us-east-2.amazonaws.com",
            "website_endpoint": "frontend-bucket-erjan-vote-us-east-2.s3-website.us-east-2.amazonaws.com"
          },
          "sensitive_attributes": [],
          "private": "bnVsbA==",
          "dependencies": [
            "aws_apigatewayv2_api.main_apigateway",
            "aws_apigatewayv2_stage.default",
            "aws_cloudfront_distribution.cloudfront_result",
            "aws_cloudfront_distribution.cloudfront_vote",
            "aws_cloudfront_origin_access_identity.frontend_result_cloudfront_oai",
            "aws_cloudfront_origin_access_identity.frontend_vote_cloudfront_oai",
            "aws_s3_bucket.frontend_result",
            "aws_s3_bucket.frontend_vote",
            "aws_s3_object.index_file_vote"
          ]
        }
      ]
    },
    {
      "mode": "managed",
      "type": "aws_s3_object",
      "name": "appjs",
      "provider": "provider[\"registry.terraform.io/hashicorp/aws\"]",
      "instances": [
        {
          "schema_version": 0,
          "attributes": {
            "acl": "private",
            "bucket": "frontend-bucket-erjan-result-us-east-2",
            "bucket_key_enabled": false,
            "cache_control": "",
            "content": "var bg1 = $('#background-stats-1');\r\nvar bg2 = $('#background-stats-2');\r\nvar valueA = $('#a'); \r\nvar valueB = $('#b'); \r\nvar total = $('#result'); \r\n\r\nfunction animateStats (a,b){\r\n    console.log('**************animateStats inside******************');          \r\n    if(a + b \u003e 0){\r\n        console.log('******* a+b\u003e0*************');          \r\n        var percentA = a/(a+b)*100;\r\n        var percentB = 100-percentA;\r\n        bg1.width((percentA-0.3)+\"%\");\r\n        bg2.width(percentB+\"%\");\r\n    }\r\n}\r\n\r\n\r\n\r\n\r\nvar backend_url = \"https://uebrw2szug.execute-api.us-east-2.amazonaws.com/\" + \"results\"\r\n\r\nconsole.log('-----------------backend url--------------------')\r\nconsole.log(backend_url)\r\n\r\n\r\nfunction updateScores (){\r\n    console.log('------------UPDATE SCORES FUNCTION--------------------')\r\n    $.get(backend_url, null, function(result,status){\r\n        if (\"success\" == status) {\r\n            console.log('****************success***************************');          \r\n            console.log(result);\r\n\r\n            data = JSON.parse(result);\r\n            var a = parseInt(data.a || 0);\r\n            var b = parseInt(data.b || 0);\r\n            \r\n            console.log('*************ANIMATE STATS*************');\r\n            animateStats(a, b);\r\n        \r\n            if(a + b \u003e 0){\r\n                valueA.text(Math.round((a/(a+b) * 100) * 10) / 10 + \"%\");\r\n                valueB.text(Math.round((b/(a+b) * 100) * 10) / 10 + \"%\");\r\n                total.text(\"total votes: \" + (a + b))\r\n            }\r\n        } else {\r\n            console.log(result);\r\n        }\r\n    });\r\n}\r\n\r\n$.ajaxSetup({\r\n    headers: {\r\n        'Content-Type': 'text/plain',\r\n        'Accept': 'application/json'\r\n    }\r\n});\r\n\r\ndocument.body.style.opacity=1;\r\nconsole.log('------------main html inside--------------------')\r\n\r\nupdateScores();\r\n\r\nsetInterval(function() {\r\n    console.log('------------set interval inside--------------------')\r\n    updateScores();\r\n}, 3000);",
            "content_base64": null,
            "content_disposition": "",
            "content_encoding": "",
            "content_language": "",
            "content_type": "text/html",
            "etag": "0304ba461ce3e3ee8c9ecf21d8416d19",
            "force_destroy": false,
            "id": "app.js",
            "key": "app.js",
            "kms_key_id": null,
            "metadata": {},
            "object_lock_legal_hold_status": "",
            "object_lock_mode": "",
            "object_lock_retain_until_date": "",
            "server_side_encryption": "AES256",
            "source": null,
            "source_hash": null,
            "storage_class": "STANDARD",
            "tags": {},
            "tags_all": {},
            "version_id": "",
            "website_redirect": ""
          },
          "sensitive_attributes": [],
          "private": "bnVsbA==",
          "dependencies": [
            "aws_apigatewayv2_api.main_apigateway",
            "aws_apigatewayv2_stage.default",
            "aws_cloudfront_distribution.cloudfront_result",
            "aws_cloudfront_distribution.cloudfront_vote",
            "aws_cloudfront_origin_access_identity.frontend_result_cloudfront_oai",
            "aws_cloudfront_origin_access_identity.frontend_vote_cloudfront_oai",
            "aws_s3_bucket.frontend_result",
            "aws_s3_bucket.frontend_vote"
          ]
        }
      ]
    },
    {
      "mode": "managed",
      "type": "aws_s3_object",
      "name": "index_file_result",
      "provider": "provider[\"registry.terraform.io/hashicorp/aws\"]",
      "instances": [
        {
          "schema_version": 0,
          "attributes": {
            "acl": "private",
            "bucket": "frontend-bucket-erjan-result-us-east-2",
            "bucket_key_enabled": false,
            "cache_control": "",
            "content": null,
            "content_base64": null,
            "content_disposition": "",
            "content_encoding": "",
            "content_language": "",
            "content_type": "text/html",
            "etag": "ecf4f031bb120c9be43e41a170b3e3c2",
            "force_destroy": false,
            "id": "index.html",
            "key": "index.html",
            "kms_key_id": null,
            "metadata": {},
            "object_lock_legal_hold_status": "",
            "object_lock_mode": "",
            "object_lock_retain_until_date": "",
            "server_side_encryption": "AES256",
            "source": "./result/index.html",
            "source_hash": null,
            "storage_class": "STANDARD",
            "tags": {},
            "tags_all": {},
            "version_id": "",
            "website_redirect": ""
          },
          "sensitive_attributes": [],
          "private": "bnVsbA==",
          "dependencies": [
            "aws_s3_bucket.frontend_result"
          ]
        }
      ]
    },
    {
      "mode": "managed",
      "type": "aws_s3_object",
      "name": "index_file_vote",
      "provider": "provider[\"registry.terraform.io/hashicorp/aws\"]",
      "instances": [
        {
          "schema_version": 0,
          "attributes": {
            "acl": "private",
            "bucket": "frontend-bucket-erjan-vote-us-east-2",
            "bucket_key_enabled": false,
            "cache_control": "",
            "content": "\u003c!DOCTYPE html\u003e\r\n\u003chtml\u003e\r\n  \u003chead profile=\"//www.w3.org/2005/10/profile\"\u003e\r\n\u003clink rel=\"icon\" \r\n      type=\"image/png\" \r\n      href=\"//example.com/myicon.png\"\u003e\r\n    \u003cmeta charset=\"utf-8\"\u003e\r\n    \u003ctitle\u003eA or B?\u003c/title\u003e\r\n    \u003cbase href=\"/index.html\"\u003e\r\n    \u003cmeta name = \"viewport\" content = \"width=device-width, initial-scale = 1.0\"\u003e\r\n    \u003clink rel=\"stylesheet\" href=\"style.css\" /\u003e\r\n    \u003clink rel=\"stylesheet\" href=\"//maxcdn.bootstrapcdn.com/font-awesome/4.4.0/css/font-awesome.min.css\"\u003e\r\n  \u003c/head\u003e\r\n  \u003cbody\u003e\r\n    \u003cdiv id=\"content-container\"\u003e\r\n      \u003cdiv id=\"content-container-center\"\u003e\r\n        \u003cform id=\"choice\" name='form' method=\"POST\" action=\"//5y7dfynd34.execute-api.us-east-1.amazonaws.com/voting\"\u003e\r\n        \u003ch3\u003eA or B?\u003c/h3\u003e\r\n          \u003cbutton id=\"a\" type=\"submit\" name=\"vote\" class=\"a\" value=\"a\"\u003eA\u003c/button\u003e\r\n          \u003cbutton id=\"b\" type=\"submit\" name=\"vote\" class=\"b\" value=\"b\"\u003eB\u003c/button\u003e\r\n        \u003c/form\u003e\r\n        \u003cdiv id=\"tip\"\u003e\r\n          (you can vote many times)\r\n        \u003c/div\u003e\r\n      \u003c/div\u003e\r\n    \u003c/div\u003e\r\n\t\r\n    \u003cscript src=\"//code.jquery.com/jquery-latest.min.js\" type=\"text/javascript\"\u003e\u003c/script\u003e\r\n  \t\u003cscript src=\"//code.jquery.com/jquery-3.6.0.min.js\"\u003e\u003c/script\u003e\r\n   \r\n\r\n    \u003cscript\u003e\r\n\t\r\n      var backend_url = \"https://uebrw2szug.execute-api.us-east-2.amazonaws.com/\"+ \"voting\"\r\n      console.log('-----------------backend url--------------------')\r\n      console.log(backend_url)\r\n\r\n\r\n\r\n      $.ajaxSetup({\r\n          headers: {\r\n              'Content-Type': 'text/plain',\r\n              'Accept': 'application/json'\r\n          }\r\n      });\r\n\r\n\r\n      $(document).on('click','button[name=vote]',function(){\r\n        vote = this.value;\r\n\t\tconsole.log(\"vote - this.value is var below!\") ;\r\n\t\tconsole.log(vote);\r\n\t\t\r\n\t\t\r\n\t\tdata = {\"MessageAttributes\": {\"vote\": {\"Type\": \"String\",\"StringValue\": vote},\r\n\t\t\"voter\": {\"Type\": \"String\",\"StringValue\": \"count\"}}}\r\n\t\t\r\n\t\t\r\n\t\tconsole.log(JSON.stringify(data))\r\n\t\tconsole.log('-----------------end of json stringify------------------------')\r\n\t\t\r\n\t\t\r\n\t\t$.post(backend_url, JSON.stringify(data), function(result,status){\r\n\t\tconsole.log('----------------')\r\n\t\tconsole.log('result presented here')\r\n        console.log(result);\r\n        if (\"success\" == status) {\r\n\t\t\tconsole.log(\"status good\");\r\n            usedButton = $('button.' + vote);\r\n            usedButton.prop('disabled', true);\r\n            usedButton.html(vote + ' \u003ci class=\"fa fa-check-circle\"\u003e\u003c/i\u003e');\r\n            usedButton.css('opacity','0.5');\r\n            unusedButton = $('button.' + (vote == 'a' ? 'b' : 'a'));\r\n            unusedButton.prop('disabled', false);\r\n            unusedButton.html(vote == 'a' ? 'b' : 'a');\r\n            unusedButton.css('opacity','1');\r\n            setTimeout(function(){usedButton.prop('disabled', false); usedButton.html(vote);}, 2000);\r\n          } else {\r\n\t\t  \tconsole.log(\"status bad\");\r\n\r\n            alert(\"error ! :(\");\r\n          }\r\n        });\r\n        return false;\r\n      });\r\n\t  \r\n\t \r\n\t  \r\n    \u003c/script\u003e\r\n  \u003c/body\u003e\r\n\u003c/html\u003e\r\n\r\n  \r\n  ",
            "content_base64": null,
            "content_disposition": "",
            "content_encoding": "",
            "content_language": "",
            "content_type": "text/html",
            "etag": "3fe28ca7f098407227d296b9bd38e355",
            "force_destroy": false,
            "id": "index.html",
            "key": "index.html",
            "kms_key_id": null,
            "metadata": {},
            "object_lock_legal_hold_status": "",
            "object_lock_mode": "",
            "object_lock_retain_until_date": "",
            "server_side_encryption": "AES256",
            "source": null,
            "source_hash": null,
            "storage_class": "STANDARD",
            "tags": {},
            "tags_all": {},
            "version_id": "",
            "website_redirect": ""
          },
          "sensitive_attributes": [],
          "private": "bnVsbA==",
          "dependencies": [
            "aws_apigatewayv2_api.main_apigateway",
            "aws_apigatewayv2_stage.default",
            "aws_cloudfront_distribution.cloudfront_result",
            "aws_cloudfront_distribution.cloudfront_vote",
            "aws_cloudfront_origin_access_identity.frontend_result_cloudfront_oai",
            "aws_cloudfront_origin_access_identity.frontend_vote_cloudfront_oai",
            "aws_s3_bucket.frontend_result",
            "aws_s3_bucket.frontend_vote"
          ]
        }
      ]
    },
    {
      "mode": "managed",
      "type": "aws_s3_object",
      "name": "myicon_result",
      "provider": "provider[\"registry.terraform.io/hashicorp/aws\"]",
      "instances": [
        {
          "schema_version": 0,
          "attributes": {
            "acl": "private",
            "bucket": "frontend-bucket-erjan-result-us-east-2",
            "bucket_key_enabled": false,
            "cache_control": "",
            "content": null,
            "content_base64": null,
            "content_disposition": "",
            "content_encoding": "",
            "content_language": "",
            "content_type": "image/png",
            "etag": "816d6651f3d69429e1a5aee35980b629",
            "force_destroy": false,
            "id": "myicon.png",
            "key": "myicon.png",
            "kms_key_id": null,
            "metadata": {},
            "object_lock_legal_hold_status": "",
            "object_lock_mode": "",
            "object_lock_retain_until_date": "",
            "server_side_encryption": "AES256",
            "source": "./result/myicon.png",
            "source_hash": null,
            "storage_class": "STANDARD",
            "tags": {},
            "tags_all": {},
            "version_id": "",
            "website_redirect": ""
          },
          "sensitive_attributes": [],
          "private": "bnVsbA==",
          "dependencies": [
            "aws_s3_bucket.frontend_result"
          ]
        }
      ]
    },
    {
      "mode": "managed",
      "type": "aws_s3_object",
      "name": "myicon_vote",
      "provider": "provider[\"registry.terraform.io/hashicorp/aws\"]",
      "instances": [
        {
          "schema_version": 0,
          "attributes": {
            "acl": "private",
            "bucket": "frontend-bucket-erjan-vote-us-east-2",
            "bucket_key_enabled": false,
            "cache_control": "",
            "content": null,
            "content_base64": null,
            "content_disposition": "",
            "content_encoding": "",
            "content_language": "",
            "content_type": "image/png",
            "etag": "816d6651f3d69429e1a5aee35980b629",
            "force_destroy": false,
            "id": "myicon.png",
            "key": "myicon.png",
            "kms_key_id": null,
            "metadata": {},
            "object_lock_legal_hold_status": "",
            "object_lock_mode": "",
            "object_lock_retain_until_date": "",
            "server_side_encryption": "AES256",
            "source": "./vote/myicon.png",
            "source_hash": null,
            "storage_class": "STANDARD",
            "tags": {},
            "tags_all": {},
            "version_id": "",
            "website_redirect": ""
          },
          "sensitive_attributes": [],
          "private": "bnVsbA==",
          "dependencies": [
            "aws_s3_bucket.frontend_vote"
          ]
        }
      ]
    },
    {
      "mode": "managed",
      "type": "aws_s3_object",
      "name": "stylecss_result",
      "provider": "provider[\"registry.terraform.io/hashicorp/aws\"]",
      "instances": [
        {
          "schema_version": 0,
          "attributes": {
            "acl": "private",
            "bucket": "frontend-bucket-erjan-result-us-east-2",
            "bucket_key_enabled": false,
            "cache_control": "",
            "content": null,
            "content_base64": null,
            "content_disposition": "",
            "content_encoding": "",
            "content_language": "",
            "content_type": "text/css",
            "etag": "8dba642679e92dcab25d1589e1dc007a",
            "force_destroy": false,
            "id": "style.css",
            "key": "style.css",
            "kms_key_id": null,
            "metadata": {},
            "object_lock_legal_hold_status": "",
            "object_lock_mode": "",
            "object_lock_retain_until_date": "",
            "server_side_encryption": "AES256",
            "source": "./result/style.css",
            "source_hash": null,
            "storage_class": "STANDARD",
            "tags": {},
            "tags_all": {},
            "version_id": "",
            "website_redirect": ""
          },
          "sensitive_attributes": [],
          "private": "bnVsbA==",
          "dependencies": [
            "aws_s3_bucket.frontend_result"
          ]
        }
      ]
    },
    {
      "mode": "managed",
      "type": "aws_s3_object",
      "name": "stylecss_vote",
      "provider": "provider[\"registry.terraform.io/hashicorp/aws\"]",
      "instances": [
        {
          "schema_version": 0,
          "attributes": {
            "acl": "private",
            "bucket": "frontend-bucket-erjan-vote-us-east-2",
            "bucket_key_enabled": false,
            "cache_control": "",
            "content": null,
            "content_base64": null,
            "content_disposition": "",
            "content_encoding": "",
            "content_language": "",
            "content_type": "text/css",
            "etag": "7795dfbc0b70b38f01eaf3f30b89b57f",
            "force_destroy": false,
            "id": "style.css",
            "key": "style.css",
            "kms_key_id": null,
            "metadata": {},
            "object_lock_legal_hold_status": "",
            "object_lock_mode": "",
            "object_lock_retain_until_date": "",
            "server_side_encryption": "AES256",
            "source": "./vote/style.css",
            "source_hash": null,
            "storage_class": "STANDARD",
            "tags": {},
            "tags_all": {},
            "version_id": "",
            "website_redirect": ""
          },
          "sensitive_attributes": [],
          "private": "bnVsbA==",
          "dependencies": [
            "aws_s3_bucket.frontend_vote"
          ]
        }
      ]
    },
    {
      "mode": "managed",
      "type": "aws_sns_topic",
      "name": "vote_sns",
      "provider": "provider[\"registry.terraform.io/hashicorp/aws\"]",
      "instances": [
        {
          "schema_version": 0,
          "attributes": {
            "application_failure_feedback_role_arn": "",
            "application_success_feedback_role_arn": "",
            "application_success_feedback_sample_rate": 0,
            "arn": "arn:aws:sns:us-east-2:025416187662:erjan_sns",
            "content_based_deduplication": false,
            "delivery_policy": "",
            "display_name": "",
            "fifo_topic": false,
            "firehose_failure_feedback_role_arn": "",
            "firehose_success_feedback_role_arn": "",
            "firehose_success_feedback_sample_rate": 0,
            "http_failure_feedback_role_arn": "",
            "http_success_feedback_role_arn": "",
            "http_success_feedback_sample_rate": 0,
            "id": "arn:aws:sns:us-east-2:025416187662:erjan_sns",
            "kms_master_key_id": "",
            "lambda_failure_feedback_role_arn": "",
            "lambda_success_feedback_role_arn": "",
            "lambda_success_feedback_sample_rate": 0,
            "name": "erjan_sns",
            "name_prefix": "",
            "owner": "025416187662",
            "policy": "{\"Id\":\"__default_policy_ID\",\"Statement\":[{\"Action\":[\"SNS:Subscribe\",\"SNS:SetTopicAttributes\",\"SNS:RemovePermission\",\"SNS:Publish\",\"SNS:ListSubscriptionsByTopic\",\"SNS:GetTopicAttributes\",\"SNS:DeleteTopic\",\"SNS:AddPermission\"],\"Condition\":{\"StringEquals\":{\"AWS:SourceOwner\":\"025416187662\"}},\"Effect\":\"Allow\",\"Principal\":{\"AWS\":\"*\"},\"Resource\":\"arn:aws:sns:us-east-2:025416187662:erjan_sns\",\"Sid\":\"__default_statement_ID\"},{\"Action\":\"SNS:Publish\",\"Effect\":\"Allow\",\"Principal\":{\"AWS\":\"*\"},\"Resource\":\"arn:aws:sns:us-east-2:025416187662:erjan_sns\",\"Sid\":\"__console_pub_0\"},{\"Action\":\"SNS:Subscribe\",\"Effect\":\"Allow\",\"Principal\":{\"AWS\":\"*\"},\"Resource\":\"arn:aws:sns:us-east-2:025416187662:erjan_sns\",\"Sid\":\"__console_sub_0\"}],\"Version\":\"2012-10-17\"}",
            "sqs_failure_feedback_role_arn": "",
            "sqs_success_feedback_role_arn": "",
            "sqs_success_feedback_sample_rate": 0,
            "tags": {},
            "tags_all": {}
          },
          "sensitive_attributes": [],
          "private": "bnVsbA=="
        }
      ]
    },
    {
      "mode": "managed",
      "type": "aws_sns_topic_policy",
      "name": "vote_sns_access_policy",
      "provider": "provider[\"registry.terraform.io/hashicorp/aws\"]",
      "instances": [
        {
          "schema_version": 0,
          "attributes": {
            "arn": "arn:aws:sns:us-east-2:025416187662:erjan_sns",
            "id": "arn:aws:sns:us-east-2:025416187662:erjan_sns",
            "owner": "025416187662",
            "policy": "{\"Id\":\"__default_policy_ID\",\"Statement\":[{\"Action\":[\"SNS:Subscribe\",\"SNS:SetTopicAttributes\",\"SNS:RemovePermission\",\"SNS:Publish\",\"SNS:ListSubscriptionsByTopic\",\"SNS:GetTopicAttributes\",\"SNS:DeleteTopic\",\"SNS:AddPermission\"],\"Condition\":{\"StringEquals\":{\"AWS:SourceOwner\":\"025416187662\"}},\"Effect\":\"Allow\",\"Principal\":{\"AWS\":\"*\"},\"Resource\":\"arn:aws:sns:us-east-2:025416187662:erjan_sns\",\"Sid\":\"__default_statement_ID\"},{\"Action\":\"SNS:Publish\",\"Effect\":\"Allow\",\"Principal\":{\"AWS\":\"*\"},\"Resource\":\"arn:aws:sns:us-east-2:025416187662:erjan_sns\",\"Sid\":\"__console_pub_0\"},{\"Action\":\"SNS:Subscribe\",\"Effect\":\"Allow\",\"Principal\":{\"AWS\":\"*\"},\"Resource\":\"arn:aws:sns:us-east-2:025416187662:erjan_sns\",\"Sid\":\"__console_sub_0\"}],\"Version\":\"2012-10-17\"}"
          },
          "sensitive_attributes": [],
          "private": "bnVsbA==",
          "dependencies": [
            "aws_sns_topic.vote_sns",
            "data.aws_iam_policy_document.vote_sns_access_policy"
          ]
        }
      ]
    },
    {
      "mode": "managed",
      "type": "aws_sns_topic_subscription",
      "name": "sns_vote_sqs_subscription",
      "provider": "provider[\"registry.terraform.io/hashicorp/aws\"]",
      "instances": [
        {
          "schema_version": 0,
          "attributes": {
            "arn": "arn:aws:sns:us-east-2:025416187662:erjan_sns:d471df90-b681-48ed-8362-57d26e59aa3a",
            "confirmation_timeout_in_minutes": 1,
            "confirmation_was_authenticated": true,
            "delivery_policy": "",
            "endpoint": "arn:aws:sqs:us-east-2:025416187662:erjan_sqs",
            "endpoint_auto_confirms": false,
            "filter_policy": "",
            "filter_policy_scope": "",
            "id": "arn:aws:sns:us-east-2:025416187662:erjan_sns:d471df90-b681-48ed-8362-57d26e59aa3a",
            "owner_id": "025416187662",
            "pending_confirmation": false,
            "protocol": "sqs",
            "raw_message_delivery": true,
            "redrive_policy": "",
            "subscription_role_arn": "",
            "topic_arn": "arn:aws:sns:us-east-2:025416187662:erjan_sns"
          },
          "sensitive_attributes": [],
          "private": "bnVsbA==",
          "dependencies": [
            "aws_sns_topic.vote_sns",
            "aws_sqs_queue.sqs_vote"
          ]
        }
      ]
    },
    {
      "mode": "managed",
      "type": "aws_sqs_queue",
      "name": "sqs_vote",
      "provider": "provider[\"registry.terraform.io/hashicorp/aws\"]",
      "instances": [
        {
          "schema_version": 0,
          "attributes": {
            "arn": "arn:aws:sqs:us-east-2:025416187662:erjan_sqs",
            "content_based_deduplication": false,
            "deduplication_scope": "",
            "delay_seconds": 0,
            "fifo_queue": false,
            "fifo_throughput_limit": "",
            "id": "https://sqs.us-east-2.amazonaws.com/025416187662/erjan_sqs",
            "kms_data_key_reuse_period_seconds": 300,
            "kms_master_key_id": "",
            "max_message_size": 262144,
            "message_retention_seconds": 3000,
            "name": "erjan_sqs",
            "name_prefix": "",
            "policy": "{\"Statement\":[{\"Action\":\"SQS:*\",\"Effect\":\"Allow\",\"Principal\":{\"AWS\":\"arn:aws:iam::025416187662:root\"},\"Resource\":\"arn:aws:sqs:us-east-2:025416187662:erjan_sqs\",\"Sid\":\"__owner_statement\"},{\"Action\":\"SQS:SendMessage\",\"Condition\":{\"ArnLike\":{\"aws:SourceArn\":\"arn:aws:sns:us-east-2:025416187662:erjan_sns\"}},\"Effect\":\"Allow\",\"Principal\":{\"AWS\":\"*\"},\"Resource\":\"arn:aws:sqs:us-east-2:025416187662:erjan_sqs\",\"Sid\":\"__consb_0\"}],\"Version\":\"2012-10-17\"}",
            "receive_wait_time_seconds": 0,
            "redrive_allow_policy": "",
            "redrive_policy": "",
            "sqs_managed_sse_enabled": false,
            "tags": {},
            "tags_all": {},
            "url": "https://sqs.us-east-2.amazonaws.com/025416187662/erjan_sqs",
            "visibility_timeout_seconds": 30
          },
          "sensitive_attributes": [],
          "private": "bnVsbA=="
        }
      ]
    },
    {
      "mode": "managed",
      "type": "aws_sqs_queue_policy",
      "name": "sqs_vote_policy",
      "provider": "provider[\"registry.terraform.io/hashicorp/aws\"]",
      "instances": [
        {
          "schema_version": 1,
          "attributes": {
            "id": "https://sqs.us-east-2.amazonaws.com/025416187662/erjan_sqs",
            "policy": "{\"Statement\":[{\"Action\":\"SQS:*\",\"Effect\":\"Allow\",\"Principal\":{\"AWS\":\"arn:aws:iam::025416187662:root\"},\"Resource\":\"arn:aws:sqs:us-east-2:025416187662:erjan_sqs\",\"Sid\":\"__owner_statement\"},{\"Action\":\"SQS:SendMessage\",\"Condition\":{\"ArnLike\":{\"aws:SourceArn\":\"arn:aws:sns:us-east-2:025416187662:erjan_sns\"}},\"Effect\":\"Allow\",\"Principal\":{\"AWS\":\"*\"},\"Resource\":\"arn:aws:sqs:us-east-2:025416187662:erjan_sqs\",\"Sid\":\"__consb_0\"}],\"Version\":\"2012-10-17\"}",
            "queue_url": "https://sqs.us-east-2.amazonaws.com/025416187662/erjan_sqs"
          },
          "sensitive_attributes": [],
          "private": "eyJzY2hlbWFfdmVyc2lvbiI6IjEifQ==",
          "dependencies": [
            "aws_sns_topic.vote_sns",
            "aws_sqs_queue.sqs_vote",
            "data.aws_iam_policy_document.sqs_vote_policy"
          ]
        }
      ]
    }
  ]
}
